// !$*UTF8*$!
{
	archiveVersion = 1;
	classes = {
	};
	objectVersion = 51;
	objects = {

/* Begin PBXBuildFile section */
		0864BA1D2582285F0029C3AF /* PushNotificationHandler.swift in Sources */ = {isa = PBXBuildFile; fileRef = 0864BA1C2582285F0029C3AF /* PushNotificationHandler.swift */; };
		08CE26C22582620100F041DA /* EncryptionUtils.swift in Sources */ = {isa = PBXBuildFile; fileRef = 08CE26C12582620100F041DA /* EncryptionUtils.swift */; };
		08CE26ED258339E200F041DA /* SwCrypt.swift in Sources */ = {isa = PBXBuildFile; fileRef = 08CE26EC258339E200F041DA /* SwCrypt.swift */; };
		1F7EB72C253D499700585655 /* Secrets.plist in Resources */ = {isa = PBXBuildFile; fileRef = 9D01355825386F44009445FC /* Secrets.plist */; };
		1FDC6E0C298157D90054EC1B /* CallHistoryRecordTableViewCell.swift in Sources */ = {isa = PBXBuildFile; fileRef = 1FDC6E0B298157D90054EC1B /* CallHistoryRecordTableViewCell.swift */; };
		1FDC6E0E298158090054EC1B /* LoadingViewController.swift in Sources */ = {isa = PBXBuildFile; fileRef = 1FDC6E0D298158090054EC1B /* LoadingViewController.swift */; };
		1FDC6E10298158590054EC1B /* CallKitManager.swift in Sources */ = {isa = PBXBuildFile; fileRef = 1FDC6E0F298158590054EC1B /* CallKitManager.swift */; };
		1FDC6E2B298159B10054EC1B /* UIApplication+Extenstion.swift in Sources */ = {isa = PBXBuildFile; fileRef = 1FDC6E29298159B10054EC1B /* UIApplication+Extenstion.swift */; };
		1FDC6E2C298159B10054EC1B /* UIViewController+Extenstion.swift in Sources */ = {isa = PBXBuildFile; fileRef = 1FDC6E2A298159B10054EC1B /* UIViewController+Extenstion.swift */; };
		1FEE696E253E45170070E6C9 /* WebhooksViewController.swift in Sources */ = {isa = PBXBuildFile; fileRef = 1F221977253E2B9B00384AA4 /* WebhooksViewController.swift */; };
		1FEE6970253E52050070E6C9 /* WebhookTableViewCell.swift in Sources */ = {isa = PBXBuildFile; fileRef = 1FEE696F253E52050070E6C9 /* WebhookTableViewCell.swift */; };
		1FEE6973253E67190070E6C9 /* NewWebhookFormViewController.swift in Sources */ = {isa = PBXBuildFile; fileRef = 1FEE6972253E67190070E6C9 /* NewWebhookFormViewController.swift */; };
		2E176D2924D9E3E7004BB3F6 /* MessageTableViewCell.swift in Sources */ = {isa = PBXBuildFile; fileRef = 2E176D2824D9E3E7004BB3F6 /* MessageTableViewCell.swift */; };
		2E39A40B24BCAAA90081D077 /* UILabel+Extensions.swift in Sources */ = {isa = PBXBuildFile; fileRef = 2E39A40A24BCAAA90081D077 /* UILabel+Extensions.swift */; };
		2E39A41124BCC8360081D077 /* MessagingSpacesTests.swift in Sources */ = {isa = PBXBuildFile; fileRef = 2E39A41024BCC8360081D077 /* MessagingSpacesTests.swift */; };
		2E39A41F24BCDEE30081D077 /* MessagingTestCase.swift in Sources */ = {isa = PBXBuildFile; fileRef = 2E39A41E24BCDEE30081D077 /* MessagingTestCase.swift */; };
		2E39A42124BCDFA90081D077 /* MessagingTeamsTests.swift in Sources */ = {isa = PBXBuildFile; fileRef = 2E39A42024BCDFA90081D077 /* MessagingTeamsTests.swift */; };
		2E39A45524BF98780081D077 /* NSPredicate+Extensions.swift in Sources */ = {isa = PBXBuildFile; fileRef = 2E39A45424BF98780081D077 /* NSPredicate+Extensions.swift */; };
		2E57915224CA15AE00B196A9 /* BasicTableViewController.swift in Sources */ = {isa = PBXBuildFile; fileRef = 2E57915024CA155E00B196A9 /* BasicTableViewController.swift */; };
		2E57915924CA187700B196A9 /* KitchenSinkFeature.swift in Sources */ = {isa = PBXBuildFile; fileRef = 2E57915424CA187700B196A9 /* KitchenSinkFeature.swift */; };
		2E57915A24CA187700B196A9 /* String+Extensions.swift in Sources */ = {isa = PBXBuildFile; fileRef = 2E57915524CA187700B196A9 /* String+Extensions.swift */; };
		2E57915B24CA187700B196A9 /* XCTestCase+Extensions.swift in Sources */ = {isa = PBXBuildFile; fileRef = 2E57915624CA187700B196A9 /* XCTestCase+Extensions.swift */; };
		2E57915C24CA187700B196A9 /* Character+Extensions.swift in Sources */ = {isa = PBXBuildFile; fileRef = 2E57915724CA187700B196A9 /* Character+Extensions.swift */; };
		2E57915D24CA187700B196A9 /* MessagingTab.swift in Sources */ = {isa = PBXBuildFile; fileRef = 2E57915824CA187700B196A9 /* MessagingTab.swift */; };
		2E621CBE24EEA5F1009E64F6 /* ReusableCell.swift in Sources */ = {isa = PBXBuildFile; fileRef = 2E621CBD24EEA5F1009E64F6 /* ReusableCell.swift */; };
		2E621CCC24EEA624009E64F6 /* SpaceTableViewCell.swift in Sources */ = {isa = PBXBuildFile; fileRef = 2E621CCB24EEA624009E64F6 /* SpaceTableViewCell.swift */; };
		2E621CCE24EEB4CD009E64F6 /* ContactSearchViewController.swift in Sources */ = {isa = PBXBuildFile; fileRef = 2E621CCD24EEB4CD009E64F6 /* ContactSearchViewController.swift */; };
		2E9FA34D24D9967100C914D4 /* SpaceMessagesTableViewController.swift in Sources */ = {isa = PBXBuildFile; fileRef = 2E9FA34C24D9967100C914D4 /* SpaceMessagesTableViewController.swift */; };
		2E9FA34F24D99E0700C914D4 /* String+Extension.swift in Sources */ = {isa = PBXBuildFile; fileRef = 2E9FA34E24D99E0700C914D4 /* String+Extension.swift */; };
		2EAFB41424FEB8B700494183 /* SpaceMembershipReadStatusViewController.swift in Sources */ = {isa = PBXBuildFile; fileRef = 2EAFB41324FEB8B700494183 /* SpaceMembershipReadStatusViewController.swift */; };
		2EB6BD7024B7996800DC3B7D /* MessagingViewController.swift in Sources */ = {isa = PBXBuildFile; fileRef = 2EB6BD6F24B7996800DC3B7D /* MessagingViewController.swift */; };
		2EB6BD7324B79A2900DC3B7D /* MessagingSpacesViewController.swift in Sources */ = {isa = PBXBuildFile; fileRef = 2EB6BD7224B79A2900DC3B7D /* MessagingSpacesViewController.swift */; };
		2EB6BD7624B7B66300DC3B7D /* UIAlertController+Extensions.swift in Sources */ = {isa = PBXBuildFile; fileRef = 2EB6BD7524B7B66300DC3B7D /* UIAlertController+Extensions.swift */; };
		2EB6BD8424B7B86700DC3B7D /* UIAlertAction+Extensions.swift in Sources */ = {isa = PBXBuildFile; fileRef = 2EB6BD8324B7B86700DC3B7D /* UIAlertAction+Extensions.swift */; };
		4F238BA227BBEB5C0035754A /* UIAlertController+Extension.swift in Sources */ = {isa = PBXBuildFile; fileRef = 4F238BA127BBEB5C0035754A /* UIAlertController+Extension.swift */; };
		4F2593A9284F8FC9001A777E /* MediaStreamView.swift in Sources */ = {isa = PBXBuildFile; fileRef = 4F2593A7284F8FC9001A777E /* MediaStreamView.swift */; };
		4F2593AA284F8FC9001A777E /* MultiStreamSettingsView.swift in Sources */ = {isa = PBXBuildFile; fileRef = 4F2593A8284F8FC9001A777E /* MultiStreamSettingsView.swift */; };
		4F2593AC284F8FD2001A777E /* UIView+Extenstion.swift in Sources */ = {isa = PBXBuildFile; fileRef = 4F2593AB284F8FD2001A777E /* UIView+Extenstion.swift */; };
		4F326C8928EB073100EA57D9 /* PasswordCaptchaView.swift in Sources */ = {isa = PBXBuildFile; fileRef = 4F326C8828EB073100EA57D9 /* PasswordCaptchaView.swift */; };
		4F326C8B28EB073F00EA57D9 /* PersonFormViewController.swift in Sources */ = {isa = PBXBuildFile; fileRef = 4F326C8A28EB073F00EA57D9 /* PersonFormViewController.swift */; };
		4FFF6F982A2E183800B55A3E /* ScreenShareConfigView.swift in Sources */ = {isa = PBXBuildFile; fileRef = 4FFF6F962A2E183800B55A3E /* ScreenShareConfigView.swift */; };
		4FFF6F992A2E183800B55A3E /* AttachmentCollectionViewCell.swift in Sources */ = {isa = PBXBuildFile; fileRef = 4FFF6F972A2E183800B55A3E /* AttachmentCollectionViewCell.swift */; };
		592BABD224D3378C0071B85B /* MessagingReadStatusUITests.swift in Sources */ = {isa = PBXBuildFile; fileRef = 592BABD124D3378C0071B85B /* MessagingReadStatusUITests.swift */; };
		90301A2A24BE594C00DDD9DB /* MessagingTests.swift in Sources */ = {isa = PBXBuildFile; fileRef = 90301A2924BE594C00DDD9DB /* MessagingTests.swift */; };
		904F184024F71C3300FA043A /* TeamMembershipViewController.swift in Sources */ = {isa = PBXBuildFile; fileRef = 904F183F24F71C3300FA043A /* TeamMembershipViewController.swift */; };
		906DC95924BFB781006BE784 /* Array+Extensions.swift in Sources */ = {isa = PBXBuildFile; fileRef = 906DC95824BFB781006BE784 /* Array+Extensions.swift */; };
		90F9B00B24B79FB200447A9D /* TeamsViewController.swift in Sources */ = {isa = PBXBuildFile; fileRef = 90F9B00A24B79FB200447A9D /* TeamsViewController.swift */; };
		90F9B01924B7AC7800447A9D /* NavigationItemSetupProtocol.swift in Sources */ = {isa = PBXBuildFile; fileRef = 90F9B01824B7AC7800447A9D /* NavigationItemSetupProtocol.swift */; };
		9C3E5A0424DC3FDD0030855E /* PeopleViewController.swift in Sources */ = {isa = PBXBuildFile; fileRef = 9C3E5A0324DC3FDD0030855E /* PeopleViewController.swift */; };
		9C5E417624DD914B002C95DD /* MessagingPeopleTests.swift in Sources */ = {isa = PBXBuildFile; fileRef = 9C5E417524DD914B002C95DD /* MessagingPeopleTests.swift */; };
		9C6DE77924F46B610055D500 /* SpaceMembershipViewController.swift in Sources */ = {isa = PBXBuildFile; fileRef = 9C6DE76C24F46B610055D500 /* SpaceMembershipViewController.swift */; };
		9CB90C0824E72685009D9D75 /* BuildFile in Sources */ = {isa = PBXBuildFile; };
		9CB90C0924E72685009D9D75 /* FilterSpacesViewController.swift in Sources */ = {isa = PBXBuildFile; fileRef = 9CB90C0724E72685009D9D75 /* FilterSpacesViewController.swift */; };
		9D1CCC272657FD3400EB302C /* CallObjectStorage.swift in Sources */ = {isa = PBXBuildFile; fileRef = 9D1CCC262657FD3300EB302C /* CallObjectStorage.swift */; };
		9D1CCC292657FD4600EB302C /* AuxCollectionViewCell.swift in Sources */ = {isa = PBXBuildFile; fileRef = 9D1CCC282657FD4600EB302C /* AuxCollectionViewCell.swift */; };
		9D35B01124B491120005E83A /* Security.framework in Frameworks */ = {isa = PBXBuildFile; fileRef = 9D35B00424B491120005E83A /* Security.framework */; };
		9D37019B24ABDD02004E480E /* ConstraintsExtension.swift in Sources */ = {isa = PBXBuildFile; fileRef = 9D37019A24ABDD02004E480E /* ConstraintsExtension.swift */; };
		9D3701A924ABDD43004E480E /* ImageExtension.swift in Sources */ = {isa = PBXBuildFile; fileRef = 9D3701A824ABDD43004E480E /* ImageExtension.swift */; };
		9D39519A256BD4CD00B4718D /* GetMeViewController.swift in Sources */ = {isa = PBXBuildFile; fileRef = 9D395199256BD4CC00B4718D /* GetMeViewController.swift */; };
		9D3951AD256D0D5400B4718D /* MessageComposerViewController.swift in Sources */ = {isa = PBXBuildFile; fileRef = 9D3951AC256D0D5400B4718D /* MessageComposerViewController.swift */; };
		9D3F77E224C604A400A6FB59 /* ParticipantListViewController.swift in Sources */ = {isa = PBXBuildFile; fileRef = 9D3F77D524C604A400A6FB59 /* ParticipantListViewController.swift */; };
		9D807AE924B3A8C700D56A92 /* KitchenSinkUITests.swift in Sources */ = {isa = PBXBuildFile; fileRef = 9D807AD524B3A2F000D56A92 /* KitchenSinkUITests.swift */; };
		9D82368F2726EA270099D44D /* CalendarMeetingDetailViewController.swift in Sources */ = {isa = PBXBuildFile; fileRef = 9D82368B2726EA270099D44D /* CalendarMeetingDetailViewController.swift */; };
		9D8236902726EA270099D44D /* CalendarMeetingsViewController.swift in Sources */ = {isa = PBXBuildFile; fileRef = 9D82368C2726EA270099D44D /* CalendarMeetingsViewController.swift */; };
		9D8236912726EA270099D44D /* CalendarAtendeesTableViewController.swift in Sources */ = {isa = PBXBuildFile; fileRef = 9D82368D2726EA270099D44D /* CalendarAtendeesTableViewController.swift */; };
		9D8236922726EA270099D44D /* FilterCalendarMeetingsViewController.swift in Sources */ = {isa = PBXBuildFile; fileRef = 9D82368E2726EA270099D44D /* FilterCalendarMeetingsViewController.swift */; };
		9D8236952726EA330099D44D /* CalendarMeetingTableViewCell.swift in Sources */ = {isa = PBXBuildFile; fileRef = 9D8236932726EA330099D44D /* CalendarMeetingTableViewCell.swift */; };
		9D8236962726EA330099D44D /* VirtualBackgroundViewCell.swift in Sources */ = {isa = PBXBuildFile; fileRef = 9D8236942726EA330099D44D /* VirtualBackgroundViewCell.swift */; };
		9D8236992726EA420099D44D /* DateUtils.swift in Sources */ = {isa = PBXBuildFile; fileRef = 9D8236972726EA420099D44D /* DateUtils.swift */; };
		9D82369A2726EA420099D44D /* FileUtils.swift in Sources */ = {isa = PBXBuildFile; fileRef = 9D8236982726EA420099D44D /* FileUtils.swift */; };
		9DA5F01B257F865200A1340C /* call_1_1_ringtone.wav in Resources */ = {isa = PBXBuildFile; fileRef = 9DA5F019257F864D00A1340C /* call_1_1_ringtone.wav */; };
		9DA5F01C257F865200A1340C /* call_1_1_ringback.wav in Resources */ = {isa = PBXBuildFile; fileRef = 9DA5F01A257F865100A1340C /* call_1_1_ringback.wav */; };
		9DAFA61524C9760C00A47221 /* ParticipantTableViewCell.swift in Sources */ = {isa = PBXBuildFile; fileRef = 9DAFA5B524C6D71700A47221 /* ParticipantTableViewCell.swift */; };
		9DB243CD260CC3EC006B18C5 /* ScheduledCallViewController.swift in Sources */ = {isa = PBXBuildFile; fileRef = 9DB243CA260CC3EC006B18C5 /* ScheduledCallViewController.swift */; };
		9DB243CE260CC3EC006B18C5 /* IncomingCallViewCell.swift in Sources */ = {isa = PBXBuildFile; fileRef = 9DB243CB260CC3EC006B18C5 /* IncomingCallViewCell.swift */; };
		9DB243CF260CC3EC006B18C5 /* ScheduledMeetingTableViewCell.swift in Sources */ = {isa = PBXBuildFile; fileRef = 9DB243CC260CC3EC006B18C5 /* ScheduledMeetingTableViewCell.swift */; };
		9DB243DC260CC412006B18C5 /* SetupViewController.swift in Sources */ = {isa = PBXBuildFile; fileRef = 9DB243DA260CC412006B18C5 /* SetupViewController.swift */; };
		9DB243DD260CC412006B18C5 /* ExtrasViewController.swift in Sources */ = {isa = PBXBuildFile; fileRef = 9DB243DB260CC412006B18C5 /* ExtrasViewController.swift */; };
		9DB243E3260CC458006B18C5 /* Dropdown.swift in Sources */ = {isa = PBXBuildFile; fileRef = 9DB243E2260CC458006B18C5 /* Dropdown.swift */; };
		9DD11CCB2567CAC500B2C2CA /* ReplayKit.framework in Frameworks */ = {isa = PBXBuildFile; fileRef = 9D645241255AC54E0084A2C1 /* ReplayKit.framework */; };
		9DD11D292567D40900B2C2CA /* KitchenSinkBroadcastExtension.appex in Embed App Extensions */ = {isa = PBXBuildFile; fileRef = 9DD11CCA2567CAC500B2C2CA /* KitchenSinkBroadcastExtension.appex */; settings = {ATTRIBUTES = (RemoveHeadersOnCopy, ); }; };
		9DD11D9A2568D77600B2C2CA /* SampleHandler.swift in Sources */ = {isa = PBXBuildFile; fileRef = 9DD11D8D2568D77500B2C2CA /* SampleHandler.swift */; };
		9DD5215B252F8B4E008727E1 /* AttachmentPreviewViewController.swift in Sources */ = {isa = PBXBuildFile; fileRef = 9DD5215A252F8B4E008727E1 /* AttachmentPreviewViewController.swift */; };
		9DDC829324AA35E400F06E31 /* AppDelegate.swift in Sources */ = {isa = PBXBuildFile; fileRef = 9DDC829224AA35E400F06E31 /* AppDelegate.swift */; };
		9DDC829C24AA35E800F06E31 /* Assets.xcassets in Resources */ = {isa = PBXBuildFile; fileRef = 9DDC829B24AA35E800F06E31 /* Assets.xcassets */; };
		9DDC829F24AA35E800F06E31 /* LaunchScreen.storyboard in Resources */ = {isa = PBXBuildFile; fileRef = 9DDC829D24AA35E800F06E31 /* LaunchScreen.storyboard */; };
		9DDC82CC24AA36A300F06E31 /* Feature.swift in Sources */ = {isa = PBXBuildFile; fileRef = 9DDC82B224AA36A200F06E31 /* Feature.swift */; };
		9DDC82CD24AA36A300F06E31 /* ViewUtils.swift in Sources */ = {isa = PBXBuildFile; fileRef = 9DDC82B324AA36A200F06E31 /* ViewUtils.swift */; };
		9DDC82CE24AA36A300F06E31 /* InitiateCallViewController.swift in Sources */ = {isa = PBXBuildFile; fileRef = 9DDC82B624AA36A300F06E31 /* InitiateCallViewController.swift */; };
		9DDC82CF24AA36A300F06E31 /* DialCallViewController.swift in Sources */ = {isa = PBXBuildFile; fileRef = 9DDC82B824AA36A300F06E31 /* DialCallViewController.swift */; };
		9DDC82D024AA36A300F06E31 /* CallingSpacesListViewController.swift in Sources */ = {isa = PBXBuildFile; fileRef = 9DDC82B924AA36A300F06E31 /* CallingSpacesListViewController.swift */; };
		9DDC82D124AA36A300F06E31 /* HistoryCallViewController.swift in Sources */ = {isa = PBXBuildFile; fileRef = 9DDC82BA24AA36A300F06E31 /* HistoryCallViewController.swift */; };
		9DDC82D224AA36A300F06E31 /* SearchContactViewController.swift in Sources */ = {isa = PBXBuildFile; fileRef = 9DDC82BB24AA36A300F06E31 /* SearchContactViewController.swift */; };
		9DDC82D324AA36A300F06E31 /* CallViewController.swift in Sources */ = {isa = PBXBuildFile; fileRef = 9DDC82BC24AA36A300F06E31 /* CallViewController.swift */; };
		9DDC82D524AA36A300F06E31 /* IncomingCallViewController.swift in Sources */ = {isa = PBXBuildFile; fileRef = 9DDC82BF24AA36A300F06E31 /* IncomingCallViewController.swift */; };
		9DDC82D624AA36A300F06E31 /* HomeViewController.swift in Sources */ = {isa = PBXBuildFile; fileRef = 9DDC82C024AA36A300F06E31 /* HomeViewController.swift */; };
		9DDC82D824AA36A300F06E31 /* LoginViewController.swift in Sources */ = {isa = PBXBuildFile; fileRef = 9DDC82C324AA36A300F06E31 /* LoginViewController.swift */; };
		9DDC82D924AA36A300F06E31 /* ColorUtils.swift in Sources */ = {isa = PBXBuildFile; fileRef = 9DDC82C424AA36A300F06E31 /* ColorUtils.swift */; };
		9DDC82DA24AA36A300F06E31 /* DialButton.swift in Sources */ = {isa = PBXBuildFile; fileRef = 9DDC82C624AA36A300F06E31 /* DialButton.swift */; };
		9DDC82DB24AA36A300F06E31 /* FeatureCollectionViewCell.swift in Sources */ = {isa = PBXBuildFile; fileRef = 9DDC82C724AA36A300F06E31 /* FeatureCollectionViewCell.swift */; };
		9DDC82DC24AA36A300F06E31 /* ContactTableViewCell.swift in Sources */ = {isa = PBXBuildFile; fileRef = 9DDC82C824AA36A300F06E31 /* ContactTableViewCell.swift */; };
		9DDC82DD24AA36A300F06E31 /* DialPadView.swift in Sources */ = {isa = PBXBuildFile; fileRef = 9DDC82C924AA36A300F06E31 /* DialPadView.swift */; };
		9DDC82DE24AA36A300F06E31 /* CallButton.swift in Sources */ = {isa = PBXBuildFile; fileRef = 9DDC82CA24AA36A300F06E31 /* CallButton.swift */; };
		D81126F00C64C4B130FDBBF5 /* Pods_KitchenSink.framework in Frameworks */ = {isa = PBXBuildFile; fileRef = B1666ED492C3716A67B34D6D /* Pods_KitchenSink.framework */; };
		D84398FF3EAE857155C4FAA8 /* Pods_KitchenSink_KitchenSinkUITests.framework in Frameworks */ = {isa = PBXBuildFile; fileRef = B1F021183495B82143F3AF9E /* Pods_KitchenSink_KitchenSinkUITests.framework */; };
		E4B9F3E926515BAC8C4D7508 /* Pods_KitchenSinkBroadcastExtension.framework in Frameworks */ = {isa = PBXBuildFile; fileRef = 28D52947D06EA0ABE9B28785 /* Pods_KitchenSinkBroadcastExtension.framework */; };
/* End PBXBuildFile section */

/* Begin PBXContainerItemProxy section */
		9D807ABF24B3A2C000D56A92 /* PBXContainerItemProxy */ = {
			isa = PBXContainerItemProxy;
			containerPortal = 9DAA01CA2450BBB1009C85F8 /* Project object */;
			proxyType = 1;
			remoteGlobalIDString = 9DDC828F24AA35E400F06E31;
			remoteInfo = KitchenSink;
		};
		9DD11D2A2567D40900B2C2CA /* PBXContainerItemProxy */ = {
			isa = PBXContainerItemProxy;
			containerPortal = 9DAA01CA2450BBB1009C85F8 /* Project object */;
			proxyType = 1;
			remoteGlobalIDString = 9DD11CC92567CAC500B2C2CA;
			remoteInfo = KitchenSinkBroadcastExtension;
		};
/* End PBXContainerItemProxy section */

/* Begin PBXCopyFilesBuildPhase section */
		1F76CAA729815E6500DE5269 /* Embed Frameworks */ = {
			isa = PBXCopyFilesBuildPhase;
			buildActionMask = 2147483647;
			dstPath = "";
			dstSubfolderSpec = 10;
			files = (
			);
			name = "Embed Frameworks";
			runOnlyForDeploymentPostprocessing = 0;
		};
		9DD11CBE2567C75100B2C2CA /* Embed App Extensions */ = {
			isa = PBXCopyFilesBuildPhase;
			buildActionMask = 2147483647;
			dstPath = "";
			dstSubfolderSpec = 13;
			files = (
				9DD11D292567D40900B2C2CA /* KitchenSinkBroadcastExtension.appex in Embed App Extensions */,
			);
			name = "Embed App Extensions";
			runOnlyForDeploymentPostprocessing = 0;
		};
/* End PBXCopyFilesBuildPhase section */

/* Begin PBXFileReference section */
		062D25203F0E1DCC270522C9 /* Pods-KitchenSink.debug.xcconfig */ = {isa = PBXFileReference; includeInIndex = 1; lastKnownFileType = text.xcconfig; name = "Pods-KitchenSink.debug.xcconfig"; path = "Target Support Files/Pods-KitchenSink/Pods-KitchenSink.debug.xcconfig"; sourceTree = "<group>"; };
		0864BA1C2582285F0029C3AF /* PushNotificationHandler.swift */ = {isa = PBXFileReference; lastKnownFileType = sourcecode.swift; path = PushNotificationHandler.swift; sourceTree = "<group>"; };
		08CE26C12582620100F041DA /* EncryptionUtils.swift */ = {isa = PBXFileReference; lastKnownFileType = sourcecode.swift; path = EncryptionUtils.swift; sourceTree = "<group>"; };
		08CE26EC258339E200F041DA /* SwCrypt.swift */ = {isa = PBXFileReference; lastKnownFileType = sourcecode.swift; path = SwCrypt.swift; sourceTree = "<group>"; };
		1F221977253E2B9B00384AA4 /* WebhooksViewController.swift */ = {isa = PBXFileReference; lastKnownFileType = sourcecode.swift; path = WebhooksViewController.swift; sourceTree = "<group>"; };
		1FDC6E0B298157D90054EC1B /* CallHistoryRecordTableViewCell.swift */ = {isa = PBXFileReference; fileEncoding = 4; lastKnownFileType = sourcecode.swift; path = CallHistoryRecordTableViewCell.swift; sourceTree = "<group>"; };
		1FDC6E0D298158090054EC1B /* LoadingViewController.swift */ = {isa = PBXFileReference; fileEncoding = 4; lastKnownFileType = sourcecode.swift; path = LoadingViewController.swift; sourceTree = "<group>"; };
		1FDC6E0F298158590054EC1B /* CallKitManager.swift */ = {isa = PBXFileReference; fileEncoding = 4; lastKnownFileType = sourcecode.swift; path = CallKitManager.swift; sourceTree = "<group>"; };
		1FDC6E29298159B10054EC1B /* UIApplication+Extenstion.swift */ = {isa = PBXFileReference; fileEncoding = 4; lastKnownFileType = sourcecode.swift; path = "UIApplication+Extenstion.swift"; sourceTree = "<group>"; };
		1FDC6E2A298159B10054EC1B /* UIViewController+Extenstion.swift */ = {isa = PBXFileReference; fileEncoding = 4; lastKnownFileType = sourcecode.swift; path = "UIViewController+Extenstion.swift"; sourceTree = "<group>"; };
		1FEE696F253E52050070E6C9 /* WebhookTableViewCell.swift */ = {isa = PBXFileReference; lastKnownFileType = sourcecode.swift; path = WebhookTableViewCell.swift; sourceTree = "<group>"; };
		1FEE6972253E67190070E6C9 /* NewWebhookFormViewController.swift */ = {isa = PBXFileReference; lastKnownFileType = sourcecode.swift; path = NewWebhookFormViewController.swift; sourceTree = "<group>"; };
		28D52947D06EA0ABE9B28785 /* Pods_KitchenSinkBroadcastExtension.framework */ = {isa = PBXFileReference; explicitFileType = wrapper.framework; includeInIndex = 0; path = Pods_KitchenSinkBroadcastExtension.framework; sourceTree = BUILT_PRODUCTS_DIR; };
		2E176D2824D9E3E7004BB3F6 /* MessageTableViewCell.swift */ = {isa = PBXFileReference; lastKnownFileType = sourcecode.swift; path = MessageTableViewCell.swift; sourceTree = "<group>"; };
		2E39A40A24BCAAA90081D077 /* UILabel+Extensions.swift */ = {isa = PBXFileReference; lastKnownFileType = sourcecode.swift; path = "UILabel+Extensions.swift"; sourceTree = "<group>"; };
		2E39A41024BCC8360081D077 /* MessagingSpacesTests.swift */ = {isa = PBXFileReference; lastKnownFileType = sourcecode.swift; path = MessagingSpacesTests.swift; sourceTree = "<group>"; };
		2E39A41E24BCDEE30081D077 /* MessagingTestCase.swift */ = {isa = PBXFileReference; lastKnownFileType = sourcecode.swift; path = MessagingTestCase.swift; sourceTree = "<group>"; };
		2E39A42024BCDFA90081D077 /* MessagingTeamsTests.swift */ = {isa = PBXFileReference; lastKnownFileType = sourcecode.swift; path = MessagingTeamsTests.swift; sourceTree = "<group>"; };
		2E39A45424BF98780081D077 /* NSPredicate+Extensions.swift */ = {isa = PBXFileReference; lastKnownFileType = sourcecode.swift; path = "NSPredicate+Extensions.swift"; sourceTree = "<group>"; };
		2E57915024CA155E00B196A9 /* BasicTableViewController.swift */ = {isa = PBXFileReference; fileEncoding = 4; lastKnownFileType = sourcecode.swift; path = BasicTableViewController.swift; sourceTree = "<group>"; };
		2E57915424CA187700B196A9 /* KitchenSinkFeature.swift */ = {isa = PBXFileReference; fileEncoding = 4; lastKnownFileType = sourcecode.swift; path = KitchenSinkFeature.swift; sourceTree = "<group>"; };
		2E57915524CA187700B196A9 /* String+Extensions.swift */ = {isa = PBXFileReference; fileEncoding = 4; lastKnownFileType = sourcecode.swift; path = "String+Extensions.swift"; sourceTree = "<group>"; };
		2E57915624CA187700B196A9 /* XCTestCase+Extensions.swift */ = {isa = PBXFileReference; fileEncoding = 4; lastKnownFileType = sourcecode.swift; path = "XCTestCase+Extensions.swift"; sourceTree = "<group>"; };
		2E57915724CA187700B196A9 /* Character+Extensions.swift */ = {isa = PBXFileReference; fileEncoding = 4; lastKnownFileType = sourcecode.swift; path = "Character+Extensions.swift"; sourceTree = "<group>"; };
		2E57915824CA187700B196A9 /* MessagingTab.swift */ = {isa = PBXFileReference; fileEncoding = 4; lastKnownFileType = sourcecode.swift; path = MessagingTab.swift; sourceTree = "<group>"; };
		2E621CBD24EEA5F1009E64F6 /* ReusableCell.swift */ = {isa = PBXFileReference; lastKnownFileType = sourcecode.swift; path = ReusableCell.swift; sourceTree = "<group>"; };
		2E621CCB24EEA624009E64F6 /* SpaceTableViewCell.swift */ = {isa = PBXFileReference; lastKnownFileType = sourcecode.swift; path = SpaceTableViewCell.swift; sourceTree = "<group>"; };
		2E621CCD24EEB4CD009E64F6 /* ContactSearchViewController.swift */ = {isa = PBXFileReference; lastKnownFileType = sourcecode.swift; path = ContactSearchViewController.swift; sourceTree = "<group>"; };
		2E9FA34C24D9967100C914D4 /* SpaceMessagesTableViewController.swift */ = {isa = PBXFileReference; lastKnownFileType = sourcecode.swift; path = SpaceMessagesTableViewController.swift; sourceTree = "<group>"; };
		2E9FA34E24D99E0700C914D4 /* String+Extension.swift */ = {isa = PBXFileReference; lastKnownFileType = sourcecode.swift; path = "String+Extension.swift"; sourceTree = "<group>"; };
		2EAFB41324FEB8B700494183 /* SpaceMembershipReadStatusViewController.swift */ = {isa = PBXFileReference; lastKnownFileType = sourcecode.swift; path = SpaceMembershipReadStatusViewController.swift; sourceTree = "<group>"; };
		2EB6BD6F24B7996800DC3B7D /* MessagingViewController.swift */ = {isa = PBXFileReference; lastKnownFileType = sourcecode.swift; path = MessagingViewController.swift; sourceTree = "<group>"; };
		2EB6BD7224B79A2900DC3B7D /* MessagingSpacesViewController.swift */ = {isa = PBXFileReference; lastKnownFileType = sourcecode.swift; name = MessagingSpacesViewController.swift; path = "../New Group/MessagingSpacesViewController.swift"; sourceTree = "<group>"; };
		2EB6BD7524B7B66300DC3B7D /* UIAlertController+Extensions.swift */ = {isa = PBXFileReference; lastKnownFileType = sourcecode.swift; path = "UIAlertController+Extensions.swift"; sourceTree = "<group>"; };
		2EB6BD8324B7B86700DC3B7D /* UIAlertAction+Extensions.swift */ = {isa = PBXFileReference; lastKnownFileType = sourcecode.swift; path = "UIAlertAction+Extensions.swift"; sourceTree = "<group>"; };
		4F238BA127BBEB5C0035754A /* UIAlertController+Extension.swift */ = {isa = PBXFileReference; fileEncoding = 4; lastKnownFileType = sourcecode.swift; path = "UIAlertController+Extension.swift"; sourceTree = "<group>"; };
		4F2593A7284F8FC9001A777E /* MediaStreamView.swift */ = {isa = PBXFileReference; fileEncoding = 4; lastKnownFileType = sourcecode.swift; path = MediaStreamView.swift; sourceTree = "<group>"; };
		4F2593A8284F8FC9001A777E /* MultiStreamSettingsView.swift */ = {isa = PBXFileReference; fileEncoding = 4; lastKnownFileType = sourcecode.swift; path = MultiStreamSettingsView.swift; sourceTree = "<group>"; };
		4F2593AB284F8FD2001A777E /* UIView+Extenstion.swift */ = {isa = PBXFileReference; fileEncoding = 4; lastKnownFileType = sourcecode.swift; path = "UIView+Extenstion.swift"; sourceTree = "<group>"; };
		4F326C8828EB073100EA57D9 /* PasswordCaptchaView.swift */ = {isa = PBXFileReference; fileEncoding = 4; lastKnownFileType = sourcecode.swift; path = PasswordCaptchaView.swift; sourceTree = "<group>"; };
		4F326C8A28EB073F00EA57D9 /* PersonFormViewController.swift */ = {isa = PBXFileReference; fileEncoding = 4; lastKnownFileType = sourcecode.swift; path = PersonFormViewController.swift; sourceTree = "<group>"; };
		4FFF6F962A2E183800B55A3E /* ScreenShareConfigView.swift */ = {isa = PBXFileReference; fileEncoding = 4; lastKnownFileType = sourcecode.swift; path = ScreenShareConfigView.swift; sourceTree = "<group>"; };
		4FFF6F972A2E183800B55A3E /* AttachmentCollectionViewCell.swift */ = {isa = PBXFileReference; fileEncoding = 4; lastKnownFileType = sourcecode.swift; path = AttachmentCollectionViewCell.swift; sourceTree = "<group>"; };
		592BABD124D3378C0071B85B /* MessagingReadStatusUITests.swift */ = {isa = PBXFileReference; lastKnownFileType = sourcecode.swift; path = MessagingReadStatusUITests.swift; sourceTree = "<group>"; };
		7017F749060B091B19D0C73B /* Pods-KitchenSink.release.xcconfig */ = {isa = PBXFileReference; includeInIndex = 1; lastKnownFileType = text.xcconfig; name = "Pods-KitchenSink.release.xcconfig"; path = "Target Support Files/Pods-KitchenSink/Pods-KitchenSink.release.xcconfig"; sourceTree = "<group>"; };
		80459092429D450A6A12274C /* Pods-KitchenSink-KitchenSinkUITests.debug.xcconfig */ = {isa = PBXFileReference; includeInIndex = 1; lastKnownFileType = text.xcconfig; name = "Pods-KitchenSink-KitchenSinkUITests.debug.xcconfig"; path = "Target Support Files/Pods-KitchenSink-KitchenSinkUITests/Pods-KitchenSink-KitchenSinkUITests.debug.xcconfig"; sourceTree = "<group>"; };
		90301A2924BE594C00DDD9DB /* MessagingTests.swift */ = {isa = PBXFileReference; lastKnownFileType = sourcecode.swift; path = MessagingTests.swift; sourceTree = "<group>"; };
		904F183F24F71C3300FA043A /* TeamMembershipViewController.swift */ = {isa = PBXFileReference; lastKnownFileType = sourcecode.swift; path = TeamMembershipViewController.swift; sourceTree = "<group>"; };
		906DC95824BFB781006BE784 /* Array+Extensions.swift */ = {isa = PBXFileReference; lastKnownFileType = sourcecode.swift; path = "Array+Extensions.swift"; sourceTree = "<group>"; };
		90F9B00A24B79FB200447A9D /* TeamsViewController.swift */ = {isa = PBXFileReference; lastKnownFileType = sourcecode.swift; path = TeamsViewController.swift; sourceTree = "<group>"; };
		90F9B01824B7AC7800447A9D /* NavigationItemSetupProtocol.swift */ = {isa = PBXFileReference; lastKnownFileType = sourcecode.swift; path = NavigationItemSetupProtocol.swift; sourceTree = "<group>"; };
		96803DB265124462205F3E6B /* Pods-KitchenSinkBroadcastExtension.debug.xcconfig */ = {isa = PBXFileReference; includeInIndex = 1; lastKnownFileType = text.xcconfig; name = "Pods-KitchenSinkBroadcastExtension.debug.xcconfig"; path = "Target Support Files/Pods-KitchenSinkBroadcastExtension/Pods-KitchenSinkBroadcastExtension.debug.xcconfig"; sourceTree = "<group>"; };
		9C3E5A0324DC3FDD0030855E /* PeopleViewController.swift */ = {isa = PBXFileReference; lastKnownFileType = sourcecode.swift; path = PeopleViewController.swift; sourceTree = "<group>"; };
		9C5E417524DD914B002C95DD /* MessagingPeopleTests.swift */ = {isa = PBXFileReference; lastKnownFileType = sourcecode.swift; path = MessagingPeopleTests.swift; sourceTree = "<group>"; };
		9C6DE76C24F46B610055D500 /* SpaceMembershipViewController.swift */ = {isa = PBXFileReference; fileEncoding = 4; lastKnownFileType = sourcecode.swift; path = SpaceMembershipViewController.swift; sourceTree = "<group>"; };
		9CB90C0724E72685009D9D75 /* FilterSpacesViewController.swift */ = {isa = PBXFileReference; fileEncoding = 4; lastKnownFileType = sourcecode.swift; path = FilterSpacesViewController.swift; sourceTree = "<group>"; };
		9D01355825386F44009445FC /* Secrets.plist */ = {isa = PBXFileReference; fileEncoding = 4; lastKnownFileType = text.plist.xml; path = Secrets.plist; sourceTree = "<group>"; };
		9D1CCC262657FD3300EB302C /* CallObjectStorage.swift */ = {isa = PBXFileReference; fileEncoding = 4; lastKnownFileType = sourcecode.swift; path = CallObjectStorage.swift; sourceTree = "<group>"; };
		9D1CCC282657FD4600EB302C /* AuxCollectionViewCell.swift */ = {isa = PBXFileReference; fileEncoding = 4; lastKnownFileType = sourcecode.swift; path = AuxCollectionViewCell.swift; sourceTree = "<group>"; };
		9D35B00424B491120005E83A /* Security.framework */ = {isa = PBXFileReference; lastKnownFileType = wrapper.framework; name = Security.framework; path = System/Library/Frameworks/Security.framework; sourceTree = SDKROOT; };
		9D37019A24ABDD02004E480E /* ConstraintsExtension.swift */ = {isa = PBXFileReference; lastKnownFileType = sourcecode.swift; path = ConstraintsExtension.swift; sourceTree = "<group>"; };
		9D3701A824ABDD43004E480E /* ImageExtension.swift */ = {isa = PBXFileReference; lastKnownFileType = sourcecode.swift; path = ImageExtension.swift; sourceTree = "<group>"; };
		9D395199256BD4CC00B4718D /* GetMeViewController.swift */ = {isa = PBXFileReference; lastKnownFileType = sourcecode.swift; path = GetMeViewController.swift; sourceTree = "<group>"; };
		9D3951AC256D0D5400B4718D /* MessageComposerViewController.swift */ = {isa = PBXFileReference; lastKnownFileType = sourcecode.swift; path = MessageComposerViewController.swift; sourceTree = "<group>"; };
		9D3F77D524C604A400A6FB59 /* ParticipantListViewController.swift */ = {isa = PBXFileReference; lastKnownFileType = sourcecode.swift; path = ParticipantListViewController.swift; sourceTree = "<group>"; };
		9D645241255AC54E0084A2C1 /* ReplayKit.framework */ = {isa = PBXFileReference; lastKnownFileType = wrapper.framework; name = ReplayKit.framework; path = System/Library/Frameworks/ReplayKit.framework; sourceTree = SDKROOT; };
		9D64524D255AC54F0084A2C1 /* UIKit.framework */ = {isa = PBXFileReference; lastKnownFileType = wrapper.framework; name = UIKit.framework; path = System/Library/Frameworks/UIKit.framework; sourceTree = SDKROOT; };
		9D807ABA24B3A2BF00D56A92 /* KitchenSinkUITests.xctest */ = {isa = PBXFileReference; explicitFileType = wrapper.cfbundle; includeInIndex = 0; path = KitchenSinkUITests.xctest; sourceTree = BUILT_PRODUCTS_DIR; };
		9D807AD524B3A2F000D56A92 /* KitchenSinkUITests.swift */ = {isa = PBXFileReference; fileEncoding = 4; lastKnownFileType = sourcecode.swift; path = KitchenSinkUITests.swift; sourceTree = "<group>"; };
		9D807AD624B3A2F000D56A92 /* Info.plist */ = {isa = PBXFileReference; fileEncoding = 4; lastKnownFileType = text.plist.xml; path = Info.plist; sourceTree = "<group>"; };
		9D82368B2726EA270099D44D /* CalendarMeetingDetailViewController.swift */ = {isa = PBXFileReference; fileEncoding = 4; lastKnownFileType = sourcecode.swift; path = CalendarMeetingDetailViewController.swift; sourceTree = "<group>"; };
		9D82368C2726EA270099D44D /* CalendarMeetingsViewController.swift */ = {isa = PBXFileReference; fileEncoding = 4; lastKnownFileType = sourcecode.swift; path = CalendarMeetingsViewController.swift; sourceTree = "<group>"; };
		9D82368D2726EA270099D44D /* CalendarAtendeesTableViewController.swift */ = {isa = PBXFileReference; fileEncoding = 4; lastKnownFileType = sourcecode.swift; path = CalendarAtendeesTableViewController.swift; sourceTree = "<group>"; };
		9D82368E2726EA270099D44D /* FilterCalendarMeetingsViewController.swift */ = {isa = PBXFileReference; fileEncoding = 4; lastKnownFileType = sourcecode.swift; path = FilterCalendarMeetingsViewController.swift; sourceTree = "<group>"; };
		9D8236932726EA330099D44D /* CalendarMeetingTableViewCell.swift */ = {isa = PBXFileReference; fileEncoding = 4; lastKnownFileType = sourcecode.swift; path = CalendarMeetingTableViewCell.swift; sourceTree = "<group>"; };
		9D8236942726EA330099D44D /* VirtualBackgroundViewCell.swift */ = {isa = PBXFileReference; fileEncoding = 4; lastKnownFileType = sourcecode.swift; path = VirtualBackgroundViewCell.swift; sourceTree = "<group>"; };
		9D8236972726EA420099D44D /* DateUtils.swift */ = {isa = PBXFileReference; fileEncoding = 4; lastKnownFileType = sourcecode.swift; path = DateUtils.swift; sourceTree = "<group>"; };
		9D8236982726EA420099D44D /* FileUtils.swift */ = {isa = PBXFileReference; fileEncoding = 4; lastKnownFileType = sourcecode.swift; path = FileUtils.swift; sourceTree = "<group>"; };
		9DA5F019257F864D00A1340C /* call_1_1_ringtone.wav */ = {isa = PBXFileReference; lastKnownFileType = audio.wav; path = call_1_1_ringtone.wav; sourceTree = "<group>"; };
		9DA5F01A257F865100A1340C /* call_1_1_ringback.wav */ = {isa = PBXFileReference; lastKnownFileType = audio.wav; path = call_1_1_ringback.wav; sourceTree = "<group>"; };
		9DAFA5B524C6D71700A47221 /* ParticipantTableViewCell.swift */ = {isa = PBXFileReference; lastKnownFileType = sourcecode.swift; path = ParticipantTableViewCell.swift; sourceTree = "<group>"; };
		9DB243CA260CC3EC006B18C5 /* ScheduledCallViewController.swift */ = {isa = PBXFileReference; fileEncoding = 4; lastKnownFileType = sourcecode.swift; path = ScheduledCallViewController.swift; sourceTree = "<group>"; };
		9DB243CB260CC3EC006B18C5 /* IncomingCallViewCell.swift */ = {isa = PBXFileReference; fileEncoding = 4; lastKnownFileType = sourcecode.swift; path = IncomingCallViewCell.swift; sourceTree = "<group>"; };
		9DB243CC260CC3EC006B18C5 /* ScheduledMeetingTableViewCell.swift */ = {isa = PBXFileReference; fileEncoding = 4; lastKnownFileType = sourcecode.swift; path = ScheduledMeetingTableViewCell.swift; sourceTree = "<group>"; };
		9DB243DA260CC412006B18C5 /* SetupViewController.swift */ = {isa = PBXFileReference; fileEncoding = 4; lastKnownFileType = sourcecode.swift; path = SetupViewController.swift; sourceTree = "<group>"; };
		9DB243DB260CC412006B18C5 /* ExtrasViewController.swift */ = {isa = PBXFileReference; fileEncoding = 4; lastKnownFileType = sourcecode.swift; path = ExtrasViewController.swift; sourceTree = "<group>"; };
		9DB243E2260CC458006B18C5 /* Dropdown.swift */ = {isa = PBXFileReference; fileEncoding = 4; lastKnownFileType = sourcecode.swift; path = Dropdown.swift; sourceTree = "<group>"; };
		9DD11CCA2567CAC500B2C2CA /* KitchenSinkBroadcastExtension.appex */ = {isa = PBXFileReference; explicitFileType = "wrapper.app-extension"; includeInIndex = 0; path = KitchenSinkBroadcastExtension.appex; sourceTree = BUILT_PRODUCTS_DIR; };
		9DD11CCF2567CAC600B2C2CA /* Info.plist */ = {isa = PBXFileReference; lastKnownFileType = text.plist.xml; path = Info.plist; sourceTree = "<group>"; };
		9DD11D8D2568D77500B2C2CA /* SampleHandler.swift */ = {isa = PBXFileReference; fileEncoding = 4; lastKnownFileType = sourcecode.swift; path = SampleHandler.swift; sourceTree = "<group>"; };
		9DD11DD82568E24700B2C2CA /* KitchenSinkBroadcastExtension.entitlements */ = {isa = PBXFileReference; lastKnownFileType = text.plist.entitlements; path = KitchenSinkBroadcastExtension.entitlements; sourceTree = "<group>"; };
		9DD2D6B424AA52F4005F4ABE /* KitchenSink.entitlements */ = {isa = PBXFileReference; lastKnownFileType = text.plist.entitlements; path = KitchenSink.entitlements; sourceTree = "<group>"; };
		9DD5215A252F8B4E008727E1 /* AttachmentPreviewViewController.swift */ = {isa = PBXFileReference; lastKnownFileType = sourcecode.swift; path = AttachmentPreviewViewController.swift; sourceTree = "<group>"; };
		9DDC829024AA35E400F06E31 /* KitchenSink.app */ = {isa = PBXFileReference; explicitFileType = wrapper.application; includeInIndex = 0; path = KitchenSink.app; sourceTree = BUILT_PRODUCTS_DIR; };
		9DDC829224AA35E400F06E31 /* AppDelegate.swift */ = {isa = PBXFileReference; lastKnownFileType = sourcecode.swift; path = AppDelegate.swift; sourceTree = "<group>"; };
		9DDC829B24AA35E800F06E31 /* Assets.xcassets */ = {isa = PBXFileReference; lastKnownFileType = folder.assetcatalog; path = Assets.xcassets; sourceTree = "<group>"; };
		9DDC829E24AA35E800F06E31 /* Base */ = {isa = PBXFileReference; lastKnownFileType = file.storyboard; name = Base; path = Base.lproj/LaunchScreen.storyboard; sourceTree = "<group>"; };
		9DDC82A024AA35E800F06E31 /* Info.plist */ = {isa = PBXFileReference; lastKnownFileType = text.plist.xml; path = Info.plist; sourceTree = "<group>"; };
		9DDC82B224AA36A200F06E31 /* Feature.swift */ = {isa = PBXFileReference; fileEncoding = 4; lastKnownFileType = sourcecode.swift; path = Feature.swift; sourceTree = "<group>"; };
		9DDC82B324AA36A200F06E31 /* ViewUtils.swift */ = {isa = PBXFileReference; fileEncoding = 4; lastKnownFileType = sourcecode.swift; path = ViewUtils.swift; sourceTree = "<group>"; };
		9DDC82B624AA36A300F06E31 /* InitiateCallViewController.swift */ = {isa = PBXFileReference; fileEncoding = 4; lastKnownFileType = sourcecode.swift; path = InitiateCallViewController.swift; sourceTree = "<group>"; };
		9DDC82B824AA36A300F06E31 /* DialCallViewController.swift */ = {isa = PBXFileReference; fileEncoding = 4; lastKnownFileType = sourcecode.swift; path = DialCallViewController.swift; sourceTree = "<group>"; };
		9DDC82B924AA36A300F06E31 /* CallingSpacesListViewController.swift */ = {isa = PBXFileReference; fileEncoding = 4; lastKnownFileType = sourcecode.swift; path = CallingSpacesListViewController.swift; sourceTree = "<group>"; };
		9DDC82BA24AA36A300F06E31 /* HistoryCallViewController.swift */ = {isa = PBXFileReference; fileEncoding = 4; lastKnownFileType = sourcecode.swift; path = HistoryCallViewController.swift; sourceTree = "<group>"; };
		9DDC82BB24AA36A300F06E31 /* SearchContactViewController.swift */ = {isa = PBXFileReference; fileEncoding = 4; lastKnownFileType = sourcecode.swift; path = SearchContactViewController.swift; sourceTree = "<group>"; };
		9DDC82BC24AA36A300F06E31 /* CallViewController.swift */ = {isa = PBXFileReference; fileEncoding = 4; lastKnownFileType = sourcecode.swift; path = CallViewController.swift; sourceTree = "<group>"; };
		9DDC82BF24AA36A300F06E31 /* IncomingCallViewController.swift */ = {isa = PBXFileReference; fileEncoding = 4; lastKnownFileType = sourcecode.swift; path = IncomingCallViewController.swift; sourceTree = "<group>"; };
		9DDC82C024AA36A300F06E31 /* HomeViewController.swift */ = {isa = PBXFileReference; fileEncoding = 4; lastKnownFileType = sourcecode.swift; path = HomeViewController.swift; sourceTree = "<group>"; };
		9DDC82C324AA36A300F06E31 /* LoginViewController.swift */ = {isa = PBXFileReference; fileEncoding = 4; lastKnownFileType = sourcecode.swift; path = LoginViewController.swift; sourceTree = "<group>"; };
		9DDC82C424AA36A300F06E31 /* ColorUtils.swift */ = {isa = PBXFileReference; fileEncoding = 4; lastKnownFileType = sourcecode.swift; path = ColorUtils.swift; sourceTree = "<group>"; };
		9DDC82C624AA36A300F06E31 /* DialButton.swift */ = {isa = PBXFileReference; fileEncoding = 4; lastKnownFileType = sourcecode.swift; path = DialButton.swift; sourceTree = "<group>"; };
		9DDC82C724AA36A300F06E31 /* FeatureCollectionViewCell.swift */ = {isa = PBXFileReference; fileEncoding = 4; lastKnownFileType = sourcecode.swift; path = FeatureCollectionViewCell.swift; sourceTree = "<group>"; };
		9DDC82C824AA36A300F06E31 /* ContactTableViewCell.swift */ = {isa = PBXFileReference; fileEncoding = 4; lastKnownFileType = sourcecode.swift; path = ContactTableViewCell.swift; sourceTree = "<group>"; };
		9DDC82C924AA36A300F06E31 /* DialPadView.swift */ = {isa = PBXFileReference; fileEncoding = 4; lastKnownFileType = sourcecode.swift; path = DialPadView.swift; sourceTree = "<group>"; };
		9DDC82CA24AA36A300F06E31 /* CallButton.swift */ = {isa = PBXFileReference; fileEncoding = 4; lastKnownFileType = sourcecode.swift; path = CallButton.swift; sourceTree = "<group>"; };
		AF69537487765CF124BE512E /* Pods-KitchenSinkBroadcastExtension.release.xcconfig */ = {isa = PBXFileReference; includeInIndex = 1; lastKnownFileType = text.xcconfig; name = "Pods-KitchenSinkBroadcastExtension.release.xcconfig"; path = "Target Support Files/Pods-KitchenSinkBroadcastExtension/Pods-KitchenSinkBroadcastExtension.release.xcconfig"; sourceTree = "<group>"; };
		B1666ED492C3716A67B34D6D /* Pods_KitchenSink.framework */ = {isa = PBXFileReference; explicitFileType = wrapper.framework; includeInIndex = 0; path = Pods_KitchenSink.framework; sourceTree = BUILT_PRODUCTS_DIR; };
		B1F021183495B82143F3AF9E /* Pods_KitchenSink_KitchenSinkUITests.framework */ = {isa = PBXFileReference; explicitFileType = wrapper.framework; includeInIndex = 0; path = Pods_KitchenSink_KitchenSinkUITests.framework; sourceTree = BUILT_PRODUCTS_DIR; };
		BFC684BBFE9497C4EA1AEDEC /* Pods-KitchenSink-KitchenSinkUITests.release.xcconfig */ = {isa = PBXFileReference; includeInIndex = 1; lastKnownFileType = text.xcconfig; name = "Pods-KitchenSink-KitchenSinkUITests.release.xcconfig"; path = "Target Support Files/Pods-KitchenSink-KitchenSinkUITests/Pods-KitchenSink-KitchenSinkUITests.release.xcconfig"; sourceTree = "<group>"; };
/* End PBXFileReference section */

/* Begin PBXFrameworksBuildPhase section */
		9D807AB724B3A2BF00D56A92 /* Frameworks */ = {
			isa = PBXFrameworksBuildPhase;
			buildActionMask = 2147483647;
			files = (
				D84398FF3EAE857155C4FAA8 /* Pods_KitchenSink_KitchenSinkUITests.framework in Frameworks */,
			);
			runOnlyForDeploymentPostprocessing = 0;
		};
		9DD11CC72567CAC500B2C2CA /* Frameworks */ = {
			isa = PBXFrameworksBuildPhase;
			buildActionMask = 2147483647;
			files = (
				9DD11CCB2567CAC500B2C2CA /* ReplayKit.framework in Frameworks */,
				E4B9F3E926515BAC8C4D7508 /* Pods_KitchenSinkBroadcastExtension.framework in Frameworks */,
			);
			runOnlyForDeploymentPostprocessing = 0;
		};
		9DDC828D24AA35E400F06E31 /* Frameworks */ = {
			isa = PBXFrameworksBuildPhase;
			buildActionMask = 2147483647;
			files = (
				9D35B01124B491120005E83A /* Security.framework in Frameworks */,
				D81126F00C64C4B130FDBBF5 /* Pods_KitchenSink.framework in Frameworks */,
			);
			runOnlyForDeploymentPostprocessing = 0;
		};
/* End PBXFrameworksBuildPhase section */

/* Begin PBXGroup section */
		08CE26FA2583687A00F041DA /* ThirdPary */ = {
			isa = PBXGroup;
			children = (
				08CE26EC258339E200F041DA /* SwCrypt.swift */,
			);
			path = ThirdPary;
			sourceTree = "<group>";
		};
		1FEE6971253E66FD0070E6C9 /* Webhook */ = {
			isa = PBXGroup;
			children = (
				1F221977253E2B9B00384AA4 /* WebhooksViewController.swift */,
				1FEE6972253E67190070E6C9 /* NewWebhookFormViewController.swift */,
			);
			path = Webhook;
			sourceTree = "<group>";
		};
		281D38F33841C059E8F40313 /* Pods */ = {
			isa = PBXGroup;
			children = (
				062D25203F0E1DCC270522C9 /* Pods-KitchenSink.debug.xcconfig */,
				7017F749060B091B19D0C73B /* Pods-KitchenSink.release.xcconfig */,
				80459092429D450A6A12274C /* Pods-KitchenSink-KitchenSinkUITests.debug.xcconfig */,
				BFC684BBFE9497C4EA1AEDEC /* Pods-KitchenSink-KitchenSinkUITests.release.xcconfig */,
				96803DB265124462205F3E6B /* Pods-KitchenSinkBroadcastExtension.debug.xcconfig */,
				AF69537487765CF124BE512E /* Pods-KitchenSinkBroadcastExtension.release.xcconfig */,
			);
			path = Pods;
			sourceTree = "<group>";
		};
		2E39A41D24BCDED40081D077 /* Messaging */ = {
			isa = PBXGroup;
			children = (
				2E39A41E24BCDEE30081D077 /* MessagingTestCase.swift */,
				2E39A41024BCC8360081D077 /* MessagingSpacesTests.swift */,
				2E39A42024BCDFA90081D077 /* MessagingTeamsTests.swift */,
				90301A2924BE594C00DDD9DB /* MessagingTests.swift */,
				592BABD124D3378C0071B85B /* MessagingReadStatusUITests.swift */,
				9C5E417524DD914B002C95DD /* MessagingPeopleTests.swift */,
			);
			path = Messaging;
			sourceTree = "<group>";
		};
		2E57914F24CA155E00B196A9 /* Shared */ = {
			isa = PBXGroup;
			children = (
				2E57915024CA155E00B196A9 /* BasicTableViewController.swift */,
			);
			path = Shared;
			sourceTree = "<group>";
		};
		2E57915324CA187700B196A9 /* util */ = {
			isa = PBXGroup;
			children = (
				2E57915424CA187700B196A9 /* KitchenSinkFeature.swift */,
				2E57915524CA187700B196A9 /* String+Extensions.swift */,
				2E57915624CA187700B196A9 /* XCTestCase+Extensions.swift */,
				2E57915724CA187700B196A9 /* Character+Extensions.swift */,
				2E57915824CA187700B196A9 /* MessagingTab.swift */,
				2E39A45424BF98780081D077 /* NSPredicate+Extensions.swift */,
				906DC95824BFB781006BE784 /* Array+Extensions.swift */,
			);
			path = util;
			sourceTree = "<group>";
		};
		2E9FA34B24D9964C00C914D4 /* Spaces */ = {
			isa = PBXGroup;
			children = (
				9C6DE76C24F46B610055D500 /* SpaceMembershipViewController.swift */,
				9CB90C0724E72685009D9D75 /* FilterSpacesViewController.swift */,
				2EB6BD7224B79A2900DC3B7D /* MessagingSpacesViewController.swift */,
				2E9FA34C24D9967100C914D4 /* SpaceMessagesTableViewController.swift */,
				2E621CCD24EEB4CD009E64F6 /* ContactSearchViewController.swift */,
				2EAFB41324FEB8B700494183 /* SpaceMembershipReadStatusViewController.swift */,
				9DD5215A252F8B4E008727E1 /* AttachmentPreviewViewController.swift */,
				9D3951AC256D0D5400B4718D /* MessageComposerViewController.swift */,
			);
			path = Spaces;
			sourceTree = "<group>";
		};
		2EB6BD6224B7994B00DC3B7D /* Messaging */ = {
			isa = PBXGroup;
			children = (
				2EB6BD6F24B7996800DC3B7D /* MessagingViewController.swift */,
				90F9B01824B7AC7800447A9D /* NavigationItemSetupProtocol.swift */,
				2EB6BD7124B799FC00DC3B7D /* SubTabs */,
			);
			path = Messaging;
			sourceTree = "<group>";
		};
		2EB6BD7124B799FC00DC3B7D /* SubTabs */ = {
			isa = PBXGroup;
			children = (
				4F326C8A28EB073F00EA57D9 /* PersonFormViewController.swift */,
				2E9FA34B24D9964C00C914D4 /* Spaces */,
				904F183E24F71BB700FA043A /* Teams */,
				9C3E5A0324DC3FDD0030855E /* PeopleViewController.swift */,
			);
			path = SubTabs;
			sourceTree = "<group>";
		};
		4F238BA027BBEB3C0035754A /* Extensions */ = {
			isa = PBXGroup;
			children = (
				1FDC6E29298159B10054EC1B /* UIApplication+Extenstion.swift */,
				1FDC6E2A298159B10054EC1B /* UIViewController+Extenstion.swift */,
				4F2593AB284F8FD2001A777E /* UIView+Extenstion.swift */,
				4F238BA127BBEB5C0035754A /* UIAlertController+Extension.swift */,
			);
			path = Extensions;
			sourceTree = "<group>";
		};
		904F183E24F71BB700FA043A /* Teams */ = {
			isa = PBXGroup;
			children = (
				90F9B00A24B79FB200447A9D /* TeamsViewController.swift */,
				904F183F24F71C3300FA043A /* TeamMembershipViewController.swift */,
			);
			path = Teams;
			sourceTree = "<group>";
		};
		9D807AD424B3A2F000D56A92 /* KitchenSinkUITests */ = {
			isa = PBXGroup;
			children = (
				2E57915324CA187700B196A9 /* util */,
				2E39A41D24BCDED40081D077 /* Messaging */,
				9D807AD524B3A2F000D56A92 /* KitchenSinkUITests.swift */,
				9D807AD624B3A2F000D56A92 /* Info.plist */,
			);
			path = KitchenSinkUITests;
			sourceTree = SOURCE_ROOT;
		};
		9D82368A2726EA270099D44D /* CalendarMeetings */ = {
			isa = PBXGroup;
			children = (
				9D82368B2726EA270099D44D /* CalendarMeetingDetailViewController.swift */,
				9D82368C2726EA270099D44D /* CalendarMeetingsViewController.swift */,
				9D82368D2726EA270099D44D /* CalendarAtendeesTableViewController.swift */,
				9D82368E2726EA270099D44D /* FilterCalendarMeetingsViewController.swift */,
			);
			path = CalendarMeetings;
			sourceTree = "<group>";
		};
		9DA5F014257F851400A1340C /* Sound */ = {
			isa = PBXGroup;
			children = (
				9DA5F01A257F865100A1340C /* call_1_1_ringback.wav */,
				9DA5F019257F864D00A1340C /* call_1_1_ringtone.wav */,
			);
			path = Sound;
			sourceTree = "<group>";
		};
		9DAA01C92450BBB1009C85F8 = {
			isa = PBXGroup;
			children = (
				9DD11CCC2567CAC500B2C2CA /* KitchenSinkBroadcastExtension */,
				9DAA022A2450BCF5009C85F8 /* Frameworks */,
				9DDC829124AA35E400F06E31 /* KitchenSink */,
				9D807AD424B3A2F000D56A92 /* KitchenSinkUITests */,
				9DAA01D42450BBB1009C85F8 /* Products */,
				281D38F33841C059E8F40313 /* Pods */,
			);
			sourceTree = "<group>";
		};
		9DAA01D42450BBB1009C85F8 /* Products */ = {
			isa = PBXGroup;
			children = (
				9DDC829024AA35E400F06E31 /* KitchenSink.app */,
				9D807ABA24B3A2BF00D56A92 /* KitchenSinkUITests.xctest */,
				9DD11CCA2567CAC500B2C2CA /* KitchenSinkBroadcastExtension.appex */,
			);
			name = Products;
			sourceTree = "<group>";
		};
		9DAA022A2450BCF5009C85F8 /* Frameworks */ = {
			isa = PBXGroup;
			children = (
				9D35B00424B491120005E83A /* Security.framework */,
				9D645241255AC54E0084A2C1 /* ReplayKit.framework */,
				9D64524D255AC54F0084A2C1 /* UIKit.framework */,
				B1666ED492C3716A67B34D6D /* Pods_KitchenSink.framework */,
				B1F021183495B82143F3AF9E /* Pods_KitchenSink_KitchenSinkUITests.framework */,
				28D52947D06EA0ABE9B28785 /* Pods_KitchenSinkBroadcastExtension.framework */,
			);
			name = Frameworks;
			sourceTree = "<group>";
		};
		9DD11CCC2567CAC500B2C2CA /* KitchenSinkBroadcastExtension */ = {
			isa = PBXGroup;
			children = (
				9DD11DD82568E24700B2C2CA /* KitchenSinkBroadcastExtension.entitlements */,
				9DD11D8D2568D77500B2C2CA /* SampleHandler.swift */,
				9DD11CCF2567CAC600B2C2CA /* Info.plist */,
			);
			path = KitchenSinkBroadcastExtension;
			sourceTree = "<group>";
		};
		9DD2D6B524AA5FB9005F4ABE /* Utils */ = {
			isa = PBXGroup;
			children = (
				1FDC6E0F298158590054EC1B /* CallKitManager.swift */,
				9D8236972726EA420099D44D /* DateUtils.swift */,
				9D8236982726EA420099D44D /* FileUtils.swift */,
				9D1CCC262657FD3300EB302C /* CallObjectStorage.swift */,
				9DDC82C424AA36A300F06E31 /* ColorUtils.swift */,
				2EB6BD8324B7B86700DC3B7D /* UIAlertAction+Extensions.swift */,
				9DDC82B324AA36A200F06E31 /* ViewUtils.swift */,
				9D37019A24ABDD02004E480E /* ConstraintsExtension.swift */,
				9D3701A824ABDD43004E480E /* ImageExtension.swift */,
				2EB6BD7524B7B66300DC3B7D /* UIAlertController+Extensions.swift */,
				2E39A40A24BCAAA90081D077 /* UILabel+Extensions.swift */,
				2E9FA34E24D99E0700C914D4 /* String+Extension.swift */,
				2E621CBD24EEA5F1009E64F6 /* ReusableCell.swift */,
				08CE26C12582620100F041DA /* EncryptionUtils.swift */,
			);
			path = Utils;
			sourceTree = "<group>";
		};
		9DDC829124AA35E400F06E31 /* KitchenSink */ = {
			isa = PBXGroup;
			children = (
				4F238BA027BBEB3C0035754A /* Extensions */,
				9DD2D6B424AA52F4005F4ABE /* KitchenSink.entitlements */,
				08CE26FA2583687A00F041DA /* ThirdPary */,
				9DD2D6B524AA5FB9005F4ABE /* Utils */,
				9DDC82B424AA36A300F06E31 /* Controllers */,
				9DDC82B024AA36A200F06E31 /* Models */,
				9DDC82C524AA36A300F06E31 /* Views */,
				9DDC829224AA35E400F06E31 /* AppDelegate.swift */,
				9DDC829B24AA35E800F06E31 /* Assets.xcassets */,
				9DDC829D24AA35E800F06E31 /* LaunchScreen.storyboard */,
				9DDC82A024AA35E800F06E31 /* Info.plist */,
				9D01355825386F44009445FC /* Secrets.plist */,
				9DA5F014257F851400A1340C /* Sound */,
			);
			path = KitchenSink;
			sourceTree = "<group>";
		};
		9DDC82B024AA36A200F06E31 /* Models */ = {
			isa = PBXGroup;
			children = (
				9DDC82B224AA36A200F06E31 /* Feature.swift */,
			);
			path = Models;
			sourceTree = "<group>";
		};
		9DDC82B424AA36A300F06E31 /* Controllers */ = {
			isa = PBXGroup;
			children = (
				1FDC6E0D298158090054EC1B /* LoadingViewController.swift */,
				9DB243DB260CC412006B18C5 /* ExtrasViewController.swift */,
				9DB243DA260CC412006B18C5 /* SetupViewController.swift */,
				1FEE6971253E66FD0070E6C9 /* Webhook */,
				2E57914F24CA155E00B196A9 /* Shared */,
				2EB6BD6224B7994B00DC3B7D /* Messaging */,
				9DDC82B524AA36A300F06E31 /* InitiateCall */,
				9DDC82BD24AA36A300F06E31 /* WaitingCall */,
				9DDC82BC24AA36A300F06E31 /* CallViewController.swift */,
				9D395199256BD4CC00B4718D /* GetMeViewController.swift */,
				9DDC82C024AA36A300F06E31 /* HomeViewController.swift */,
				9DDC82C324AA36A300F06E31 /* LoginViewController.swift */,
				0864BA1C2582285F0029C3AF /* PushNotificationHandler.swift */,
			);
			path = Controllers;
			sourceTree = "<group>";
		};
		9DDC82B524AA36A300F06E31 /* InitiateCall */ = {
			isa = PBXGroup;
			children = (
				9DDC82B624AA36A300F06E31 /* InitiateCallViewController.swift */,
				9DDC82B724AA36A300F06E31 /* SubTabs */,
				9D3F77D524C604A400A6FB59 /* ParticipantListViewController.swift */,
			);
			path = InitiateCall;
			sourceTree = "<group>";
		};
		9DDC82B724AA36A300F06E31 /* SubTabs */ = {
			isa = PBXGroup;
			children = (
				9D82368A2726EA270099D44D /* CalendarMeetings */,
				9DDC82B824AA36A300F06E31 /* DialCallViewController.swift */,
				9DDC82B924AA36A300F06E31 /* CallingSpacesListViewController.swift */,
				9DDC82BA24AA36A300F06E31 /* HistoryCallViewController.swift */,
				9DDC82BB24AA36A300F06E31 /* SearchContactViewController.swift */,
			);
			path = SubTabs;
			sourceTree = "<group>";
		};
		9DDC82BD24AA36A300F06E31 /* WaitingCall */ = {
			isa = PBXGroup;
			children = (
				9DB243CB260CC3EC006B18C5 /* IncomingCallViewCell.swift */,
				9DB243CA260CC3EC006B18C5 /* ScheduledCallViewController.swift */,
				9DB243CC260CC3EC006B18C5 /* ScheduledMeetingTableViewCell.swift */,
				9DDC82BF24AA36A300F06E31 /* IncomingCallViewController.swift */,
			);
			path = WaitingCall;
			sourceTree = "<group>";
		};
		9DDC82C524AA36A300F06E31 /* Views */ = {
			isa = PBXGroup;
			children = (
				4FFF6F972A2E183800B55A3E /* AttachmentCollectionViewCell.swift */,
				4FFF6F962A2E183800B55A3E /* ScreenShareConfigView.swift */,
				1FDC6E0B298157D90054EC1B /* CallHistoryRecordTableViewCell.swift */,
				4F326C8828EB073100EA57D9 /* PasswordCaptchaView.swift */,
				4F2593A7284F8FC9001A777E /* MediaStreamView.swift */,
				4F2593A8284F8FC9001A777E /* MultiStreamSettingsView.swift */,
				9D8236932726EA330099D44D /* CalendarMeetingTableViewCell.swift */,
				9D8236942726EA330099D44D /* VirtualBackgroundViewCell.swift */,
				9D1CCC282657FD4600EB302C /* AuxCollectionViewCell.swift */,
				9DB243E2260CC458006B18C5 /* Dropdown.swift */,
				9DDC82C624AA36A300F06E31 /* DialButton.swift */,
				9DDC82C724AA36A300F06E31 /* FeatureCollectionViewCell.swift */,
				9DDC82C824AA36A300F06E31 /* ContactTableViewCell.swift */,
				9DAFA5B524C6D71700A47221 /* ParticipantTableViewCell.swift */,
				9DDC82C924AA36A300F06E31 /* DialPadView.swift */,
				9DDC82CA24AA36A300F06E31 /* CallButton.swift */,
				2E176D2824D9E3E7004BB3F6 /* MessageTableViewCell.swift */,
				2E621CCB24EEA624009E64F6 /* SpaceTableViewCell.swift */,
				1FEE696F253E52050070E6C9 /* WebhookTableViewCell.swift */,
			);
			path = Views;
			sourceTree = "<group>";
		};
/* End PBXGroup section */

/* Begin PBXNativeTarget section */
		9D807AB924B3A2BF00D56A92 /* KitchenSinkUITests */ = {
			isa = PBXNativeTarget;
			buildConfigurationList = 9D807ACF24B3A2C000D56A92 /* Build configuration list for PBXNativeTarget "KitchenSinkUITests" */;
			buildPhases = (
				5A1A87800F16152AD7E24E80 /* [CP] Check Pods Manifest.lock */,
				9D807AB624B3A2BF00D56A92 /* Sources */,
				9D807AB724B3A2BF00D56A92 /* Frameworks */,
				9D807AB824B3A2BF00D56A92 /* Resources */,
				B75B941EBEA09A3DAEA88248 /* [CP] Embed Pods Frameworks */,
			);
			buildRules = (
			);
			dependencies = (
				9D807AC024B3A2C000D56A92 /* PBXTargetDependency */,
			);
			name = KitchenSinkUITests;
			productName = KitchenSinkUITests;
			productReference = 9D807ABA24B3A2BF00D56A92 /* KitchenSinkUITests.xctest */;
			productType = "com.apple.product-type.bundle.ui-testing";
		};
		9DD11CC92567CAC500B2C2CA /* KitchenSinkBroadcastExtension */ = {
			isa = PBXNativeTarget;
			buildConfigurationList = 9DD11CDB2567CAC600B2C2CA /* Build configuration list for PBXNativeTarget "KitchenSinkBroadcastExtension" */;
			buildPhases = (
				5ECBA75266CE01D53A136B95 /* [CP] Check Pods Manifest.lock */,
				9DD11CC62567CAC500B2C2CA /* Sources */,
				9DD11CC72567CAC500B2C2CA /* Frameworks */,
				9DD11CC82567CAC500B2C2CA /* Resources */,
			);
			buildRules = (
			);
			dependencies = (
			);
			name = KitchenSinkBroadcastExtension;
			productName = KitchenSinkBroadcastExtension;
			productReference = 9DD11CCA2567CAC500B2C2CA /* KitchenSinkBroadcastExtension.appex */;
			productType = "com.apple.product-type.app-extension";
		};
		9DDC828F24AA35E400F06E31 /* KitchenSink */ = {
			isa = PBXNativeTarget;
			buildConfigurationList = 9DDC82AF24AA35E800F06E31 /* Build configuration list for PBXNativeTarget "KitchenSink" */;
			buildPhases = (
				A7645092974F9F4B7D8062FF /* [CP] Check Pods Manifest.lock */,
				9DDC828C24AA35E400F06E31 /* Sources */,
				9DDC828D24AA35E400F06E31 /* Frameworks */,
				9DDC828E24AA35E400F06E31 /* Resources */,
				9DD11CBE2567C75100B2C2CA /* Embed App Extensions */,
				1F76CAA729815E6500DE5269 /* Embed Frameworks */,
				478DD08F9E2F5A51C0B1DF13 /* [CP] Embed Pods Frameworks */,
			);
			buildRules = (
			);
			dependencies = (
				9DD11D2B2567D40900B2C2CA /* PBXTargetDependency */,
			);
			name = KitchenSink;
			productName = KitchenSink;
			productReference = 9DDC829024AA35E400F06E31 /* KitchenSink.app */;
			productType = "com.apple.product-type.application";
		};
/* End PBXNativeTarget section */

/* Begin PBXProject section */
		9DAA01CA2450BBB1009C85F8 /* Project object */ = {
			isa = PBXProject;
			attributes = {
				LastSwiftUpdateCheck = 1220;
				LastUpgradeCheck = 1140;
				ORGANIZATIONNAME = Cisco;
				TargetAttributes = {
					9D807AB924B3A2BF00D56A92 = {
						CreatedOnToolsVersion = 11.5;
						TestTargetID = 9DDC828F24AA35E400F06E31;
					};
					9DD11CC92567CAC500B2C2CA = {
						CreatedOnToolsVersion = 12.2;
					};
					9DDC828F24AA35E400F06E31 = {
						CreatedOnToolsVersion = 11.5;
						LastSwiftMigration = 1220;
					};
				};
			};
			buildConfigurationList = 9DAA01CD2450BBB1009C85F8 /* Build configuration list for PBXProject "KitchenSink" */;
			compatibilityVersion = "Xcode 9.3";
			developmentRegion = en;
			hasScannedForEncodings = 0;
			knownRegions = (
				en,
				Base,
			);
			mainGroup = 9DAA01C92450BBB1009C85F8;
			productRefGroup = 9DAA01D42450BBB1009C85F8 /* Products */;
			projectDirPath = "";
			projectRoot = "";
			targets = (
				9DDC828F24AA35E400F06E31 /* KitchenSink */,
				9D807AB924B3A2BF00D56A92 /* KitchenSinkUITests */,
				9DD11CC92567CAC500B2C2CA /* KitchenSinkBroadcastExtension */,
			);
		};
/* End PBXProject section */

/* Begin PBXResourcesBuildPhase section */
		9D807AB824B3A2BF00D56A92 /* Resources */ = {
			isa = PBXResourcesBuildPhase;
			buildActionMask = 2147483647;
			files = (
			);
			runOnlyForDeploymentPostprocessing = 0;
		};
		9DD11CC82567CAC500B2C2CA /* Resources */ = {
			isa = PBXResourcesBuildPhase;
			buildActionMask = 2147483647;
			files = (
			);
			runOnlyForDeploymentPostprocessing = 0;
		};
		9DDC828E24AA35E400F06E31 /* Resources */ = {
			isa = PBXResourcesBuildPhase;
			buildActionMask = 2147483647;
			files = (
				9DDC829F24AA35E800F06E31 /* LaunchScreen.storyboard in Resources */,
				9DDC829C24AA35E800F06E31 /* Assets.xcassets in Resources */,
				9DA5F01B257F865200A1340C /* call_1_1_ringtone.wav in Resources */,
				1F7EB72C253D499700585655 /* Secrets.plist in Resources */,
				9DA5F01C257F865200A1340C /* call_1_1_ringback.wav in Resources */,
			);
			runOnlyForDeploymentPostprocessing = 0;
		};
/* End PBXResourcesBuildPhase section */

/* Begin PBXShellScriptBuildPhase section */
		478DD08F9E2F5A51C0B1DF13 /* [CP] Embed Pods Frameworks */ = {
			isa = PBXShellScriptBuildPhase;
			buildActionMask = 2147483647;
			files = (
			);
			inputFileListPaths = (
				"${PODS_ROOT}/Target Support Files/Pods-KitchenSink/Pods-KitchenSink-frameworks-${CONFIGURATION}-input-files.xcfilelist",
			);
			name = "[CP] Embed Pods Frameworks";
			outputFileListPaths = (
				"${PODS_ROOT}/Target Support Files/Pods-KitchenSink/Pods-KitchenSink-frameworks-${CONFIGURATION}-output-files.xcfilelist",
			);
			runOnlyForDeploymentPostprocessing = 0;
			shellPath = /bin/sh;
			shellScript = "\"${PODS_ROOT}/Target Support Files/Pods-KitchenSink/Pods-KitchenSink-frameworks.sh\"\n";
			showEnvVarsInLog = 0;
		};
		5A1A87800F16152AD7E24E80 /* [CP] Check Pods Manifest.lock */ = {
			isa = PBXShellScriptBuildPhase;
			buildActionMask = 2147483647;
			files = (
			);
			inputFileListPaths = (
			);
			inputPaths = (
				"${PODS_PODFILE_DIR_PATH}/Podfile.lock",
				"${PODS_ROOT}/Manifest.lock",
			);
			name = "[CP] Check Pods Manifest.lock";
			outputFileListPaths = (
			);
			outputPaths = (
				"$(DERIVED_FILE_DIR)/Pods-KitchenSink-KitchenSinkUITests-checkManifestLockResult.txt",
			);
			runOnlyForDeploymentPostprocessing = 0;
			shellPath = /bin/sh;
			shellScript = "diff \"${PODS_PODFILE_DIR_PATH}/Podfile.lock\" \"${PODS_ROOT}/Manifest.lock\" > /dev/null\nif [ $? != 0 ] ; then\n    # print error to STDERR\n    echo \"error: The sandbox is not in sync with the Podfile.lock. Run 'pod install' or update your CocoaPods installation.\" >&2\n    exit 1\nfi\n# This output is used by Xcode 'outputs' to avoid re-running this script phase.\necho \"SUCCESS\" > \"${SCRIPT_OUTPUT_FILE_0}\"\n";
			showEnvVarsInLog = 0;
		};
		5ECBA75266CE01D53A136B95 /* [CP] Check Pods Manifest.lock */ = {
			isa = PBXShellScriptBuildPhase;
			buildActionMask = 2147483647;
			files = (
			);
			inputFileListPaths = (
			);
			inputPaths = (
				"${PODS_PODFILE_DIR_PATH}/Podfile.lock",
				"${PODS_ROOT}/Manifest.lock",
			);
			name = "[CP] Check Pods Manifest.lock";
			outputFileListPaths = (
			);
			outputPaths = (
				"$(DERIVED_FILE_DIR)/Pods-KitchenSinkBroadcastExtension-checkManifestLockResult.txt",
			);
			runOnlyForDeploymentPostprocessing = 0;
			shellPath = /bin/sh;
			shellScript = "diff \"${PODS_PODFILE_DIR_PATH}/Podfile.lock\" \"${PODS_ROOT}/Manifest.lock\" > /dev/null\nif [ $? != 0 ] ; then\n    # print error to STDERR\n    echo \"error: The sandbox is not in sync with the Podfile.lock. Run 'pod install' or update your CocoaPods installation.\" >&2\n    exit 1\nfi\n# This output is used by Xcode 'outputs' to avoid re-running this script phase.\necho \"SUCCESS\" > \"${SCRIPT_OUTPUT_FILE_0}\"\n";
			showEnvVarsInLog = 0;
		};
		A7645092974F9F4B7D8062FF /* [CP] Check Pods Manifest.lock */ = {
			isa = PBXShellScriptBuildPhase;
			buildActionMask = 2147483647;
			files = (
			);
			inputFileListPaths = (
			);
			inputPaths = (
				"${PODS_PODFILE_DIR_PATH}/Podfile.lock",
				"${PODS_ROOT}/Manifest.lock",
			);
			name = "[CP] Check Pods Manifest.lock";
			outputFileListPaths = (
			);
			outputPaths = (
				"$(DERIVED_FILE_DIR)/Pods-KitchenSink-checkManifestLockResult.txt",
			);
			runOnlyForDeploymentPostprocessing = 0;
			shellPath = /bin/sh;
			shellScript = "diff \"${PODS_PODFILE_DIR_PATH}/Podfile.lock\" \"${PODS_ROOT}/Manifest.lock\" > /dev/null\nif [ $? != 0 ] ; then\n    # print error to STDERR\n    echo \"error: The sandbox is not in sync with the Podfile.lock. Run 'pod install' or update your CocoaPods installation.\" >&2\n    exit 1\nfi\n# This output is used by Xcode 'outputs' to avoid re-running this script phase.\necho \"SUCCESS\" > \"${SCRIPT_OUTPUT_FILE_0}\"\n";
			showEnvVarsInLog = 0;
		};
		B75B941EBEA09A3DAEA88248 /* [CP] Embed Pods Frameworks */ = {
			isa = PBXShellScriptBuildPhase;
			buildActionMask = 2147483647;
			files = (
			);
			inputFileListPaths = (
				"${PODS_ROOT}/Target Support Files/Pods-KitchenSink-KitchenSinkUITests/Pods-KitchenSink-KitchenSinkUITests-frameworks-${CONFIGURATION}-input-files.xcfilelist",
			);
			name = "[CP] Embed Pods Frameworks";
			outputFileListPaths = (
				"${PODS_ROOT}/Target Support Files/Pods-KitchenSink-KitchenSinkUITests/Pods-KitchenSink-KitchenSinkUITests-frameworks-${CONFIGURATION}-output-files.xcfilelist",
			);
			runOnlyForDeploymentPostprocessing = 0;
			shellPath = /bin/sh;
			shellScript = "\"${PODS_ROOT}/Target Support Files/Pods-KitchenSink-KitchenSinkUITests/Pods-KitchenSink-KitchenSinkUITests-frameworks.sh\"\n";
			showEnvVarsInLog = 0;
		};
/* End PBXShellScriptBuildPhase section */

/* Begin PBXSourcesBuildPhase section */
		9D807AB624B3A2BF00D56A92 /* Sources */ = {
			isa = PBXSourcesBuildPhase;
			buildActionMask = 2147483647;
			files = (
				2E57915B24CA187700B196A9 /* XCTestCase+Extensions.swift in Sources */,
				9C5E417624DD914B002C95DD /* MessagingPeopleTests.swift in Sources */,
				2E39A45524BF98780081D077 /* NSPredicate+Extensions.swift in Sources */,
				9D807AE924B3A8C700D56A92 /* KitchenSinkUITests.swift in Sources */,
				2E57915D24CA187700B196A9 /* MessagingTab.swift in Sources */,
				592BABD224D3378C0071B85B /* MessagingReadStatusUITests.swift in Sources */,
				2E57915A24CA187700B196A9 /* String+Extensions.swift in Sources */,
				2E57915C24CA187700B196A9 /* Character+Extensions.swift in Sources */,
				2E39A42124BCDFA90081D077 /* MessagingTeamsTests.swift in Sources */,
				2E39A41F24BCDEE30081D077 /* MessagingTestCase.swift in Sources */,
				906DC95924BFB781006BE784 /* Array+Extensions.swift in Sources */,
				90301A2A24BE594C00DDD9DB /* MessagingTests.swift in Sources */,
				2E57915924CA187700B196A9 /* KitchenSinkFeature.swift in Sources */,
				2E39A41124BCC8360081D077 /* MessagingSpacesTests.swift in Sources */,
			);
			runOnlyForDeploymentPostprocessing = 0;
		};
		9DD11CC62567CAC500B2C2CA /* Sources */ = {
			isa = PBXSourcesBuildPhase;
			buildActionMask = 2147483647;
			files = (
				9DD11D9A2568D77600B2C2CA /* SampleHandler.swift in Sources */,
			);
			runOnlyForDeploymentPostprocessing = 0;
		};
		9DDC828C24AA35E400F06E31 /* Sources */ = {
			isa = PBXSourcesBuildPhase;
			buildActionMask = 2147483647;
			files = (
				2E621CBE24EEA5F1009E64F6 /* ReusableCell.swift in Sources */,
				4FFF6F992A2E183800B55A3E /* AttachmentCollectionViewCell.swift in Sources */,
				9D8236962726EA330099D44D /* VirtualBackgroundViewCell.swift in Sources */,
				9DDC82DA24AA36A300F06E31 /* DialButton.swift in Sources */,
				9DB243E3260CC458006B18C5 /* Dropdown.swift in Sources */,
				9DDC82DB24AA36A300F06E31 /* FeatureCollectionViewCell.swift in Sources */,
				4F326C8B28EB073F00EA57D9 /* PersonFormViewController.swift in Sources */,
				9DB243CF260CC3EC006B18C5 /* ScheduledMeetingTableViewCell.swift in Sources */,
				9CB90C0924E72685009D9D75 /* FilterSpacesViewController.swift in Sources */,
				9DB243CE260CC3EC006B18C5 /* IncomingCallViewCell.swift in Sources */,
				2E621CCC24EEA624009E64F6 /* SpaceTableViewCell.swift in Sources */,
				9DDC82D324AA36A300F06E31 /* CallViewController.swift in Sources */,
				9DDC82D124AA36A300F06E31 /* HistoryCallViewController.swift in Sources */,
				2E57915224CA15AE00B196A9 /* BasicTableViewController.swift in Sources */,
				9D8236902726EA270099D44D /* CalendarMeetingsViewController.swift in Sources */,
				1FDC6E10298158590054EC1B /* CallKitManager.swift in Sources */,
				1FEE696E253E45170070E6C9 /* WebhooksViewController.swift in Sources */,
				9D39519A256BD4CD00B4718D /* GetMeViewController.swift in Sources */,
				9DDC829324AA35E400F06E31 /* AppDelegate.swift in Sources */,
				2EB6BD7024B7996800DC3B7D /* MessagingViewController.swift in Sources */,
				9D1CCC272657FD3400EB302C /* CallObjectStorage.swift in Sources */,
				2E39A40B24BCAAA90081D077 /* UILabel+Extensions.swift in Sources */,
				1FEE6973253E67190070E6C9 /* NewWebhookFormViewController.swift in Sources */,
				2E9FA34F24D99E0700C914D4 /* String+Extension.swift in Sources */,
				2E9FA34D24D9967100C914D4 /* SpaceMessagesTableViewController.swift in Sources */,
				9DDC82CE24AA36A300F06E31 /* InitiateCallViewController.swift in Sources */,
				9D82368F2726EA270099D44D /* CalendarMeetingDetailViewController.swift in Sources */,
				08CE26C22582620100F041DA /* EncryptionUtils.swift in Sources */,
				9D1CCC292657FD4600EB302C /* AuxCollectionViewCell.swift in Sources */,
				9D82369A2726EA420099D44D /* FileUtils.swift in Sources */,
				1FEE6970253E52050070E6C9 /* WebhookTableViewCell.swift in Sources */,
				9DD5215B252F8B4E008727E1 /* AttachmentPreviewViewController.swift in Sources */,
				9DDC82DE24AA36A300F06E31 /* CallButton.swift in Sources */,
				4F238BA227BBEB5C0035754A /* UIAlertController+Extension.swift in Sources */,
				1FDC6E0E298158090054EC1B /* LoadingViewController.swift in Sources */,
				4F2593AA284F8FC9001A777E /* MultiStreamSettingsView.swift in Sources */,
				4F2593A9284F8FC9001A777E /* MediaStreamView.swift in Sources */,
				9DDC82D624AA36A300F06E31 /* HomeViewController.swift in Sources */,
				9D8236922726EA270099D44D /* FilterCalendarMeetingsViewController.swift in Sources */,
				9D37019B24ABDD02004E480E /* ConstraintsExtension.swift in Sources */,
				9DDC82CD24AA36A300F06E31 /* ViewUtils.swift in Sources */,
				2EB6BD8424B7B86700DC3B7D /* UIAlertAction+Extensions.swift in Sources */,
				1FDC6E2C298159B10054EC1B /* UIViewController+Extenstion.swift in Sources */,
				4F2593AC284F8FD2001A777E /* UIView+Extenstion.swift in Sources */,
				4FFF6F982A2E183800B55A3E /* ScreenShareConfigView.swift in Sources */,
				9D3951AD256D0D5400B4718D /* MessageComposerViewController.swift in Sources */,
				9DDC82CF24AA36A300F06E31 /* DialCallViewController.swift in Sources */,
				9D3F77E224C604A400A6FB59 /* ParticipantListViewController.swift in Sources */,
				9DB243DC260CC412006B18C5 /* SetupViewController.swift in Sources */,
				9DDC82D924AA36A300F06E31 /* ColorUtils.swift in Sources */,
				08CE26ED258339E200F041DA /* SwCrypt.swift in Sources */,
				9D8236912726EA270099D44D /* CalendarAtendeesTableViewController.swift in Sources */,
				2EAFB41424FEB8B700494183 /* SpaceMembershipReadStatusViewController.swift in Sources */,
				9DB243CD260CC3EC006B18C5 /* ScheduledCallViewController.swift in Sources */,
				9DDC82D524AA36A300F06E31 /* IncomingCallViewController.swift in Sources */,
				2EB6BD7324B79A2900DC3B7D /* MessagingSpacesViewController.swift in Sources */,
				90F9B01924B7AC7800447A9D /* NavigationItemSetupProtocol.swift in Sources */,
				9DB243DD260CC412006B18C5 /* ExtrasViewController.swift in Sources */,
				2EB6BD7624B7B66300DC3B7D /* UIAlertController+Extensions.swift in Sources */,
				9D8236952726EA330099D44D /* CalendarMeetingTableViewCell.swift in Sources */,
				1FDC6E0C298157D90054EC1B /* CallHistoryRecordTableViewCell.swift in Sources */,
				9C3E5A0424DC3FDD0030855E /* PeopleViewController.swift in Sources */,
				9DAFA61524C9760C00A47221 /* ParticipantTableViewCell.swift in Sources */,
				9DDC82D224AA36A300F06E31 /* SearchContactViewController.swift in Sources */,
				9DDC82CC24AA36A300F06E31 /* Feature.swift in Sources */,
				9DDC82DD24AA36A300F06E31 /* DialPadView.swift in Sources */,
				0864BA1D2582285F0029C3AF /* PushNotificationHandler.swift in Sources */,
				9D8236992726EA420099D44D /* DateUtils.swift in Sources */,
				2E176D2924D9E3E7004BB3F6 /* MessageTableViewCell.swift in Sources */,
				9DDC82D824AA36A300F06E31 /* LoginViewController.swift in Sources */,
				904F184024F71C3300FA043A /* TeamMembershipViewController.swift in Sources */,
				2E621CCE24EEB4CD009E64F6 /* ContactSearchViewController.swift in Sources */,
				9DDC82DC24AA36A300F06E31 /* ContactTableViewCell.swift in Sources */,
				1FDC6E2B298159B10054EC1B /* UIApplication+Extenstion.swift in Sources */,
				90F9B00B24B79FB200447A9D /* TeamsViewController.swift in Sources */,
				9CB90C0824E72685009D9D75 /* BuildFile in Sources */,
				9C6DE77924F46B610055D500 /* SpaceMembershipViewController.swift in Sources */,
				9D3701A924ABDD43004E480E /* ImageExtension.swift in Sources */,
				4F326C8928EB073100EA57D9 /* PasswordCaptchaView.swift in Sources */,
				9DDC82D024AA36A300F06E31 /* CallingSpacesListViewController.swift in Sources */,
			);
			runOnlyForDeploymentPostprocessing = 0;
		};
/* End PBXSourcesBuildPhase section */

/* Begin PBXTargetDependency section */
		9D807AC024B3A2C000D56A92 /* PBXTargetDependency */ = {
			isa = PBXTargetDependency;
			target = 9DDC828F24AA35E400F06E31 /* KitchenSink */;
			targetProxy = 9D807ABF24B3A2C000D56A92 /* PBXContainerItemProxy */;
		};
		9DD11D2B2567D40900B2C2CA /* PBXTargetDependency */ = {
			isa = PBXTargetDependency;
			target = 9DD11CC92567CAC500B2C2CA /* KitchenSinkBroadcastExtension */;
			targetProxy = 9DD11D2A2567D40900B2C2CA /* PBXContainerItemProxy */;
		};
/* End PBXTargetDependency section */

/* Begin PBXVariantGroup section */
		9DDC829D24AA35E800F06E31 /* LaunchScreen.storyboard */ = {
			isa = PBXVariantGroup;
			children = (
				9DDC829E24AA35E800F06E31 /* Base */,
			);
			name = LaunchScreen.storyboard;
			sourceTree = "<group>";
		};
/* End PBXVariantGroup section */

/* Begin XCBuildConfiguration section */
		9D807AC124B3A2C000D56A92 /* Debug */ = {
			isa = XCBuildConfiguration;
			baseConfigurationReference = 80459092429D450A6A12274C /* Pods-KitchenSink-KitchenSinkUITests.debug.xcconfig */;
			buildSettings = {
				CLANG_ANALYZER_NONNULL = YES;
				CLANG_ANALYZER_NUMBER_OBJECT_CONVERSION = YES_AGGRESSIVE;
				CLANG_CXX_LANGUAGE_STANDARD = "gnu++14";
				CLANG_ENABLE_OBJC_WEAK = YES;
				CLANG_WARN_COMMA = YES;
				CLANG_WARN_DOCUMENTATION_COMMENTS = YES;
				CLANG_WARN_NON_LITERAL_NULL_CONVERSION = YES;
				CLANG_WARN_OBJC_LITERAL_CONVERSION = YES;
				CLANG_WARN_STRICT_PROTOTYPES = YES;
				CLANG_WARN_SUSPICIOUS_MOVE = YES;
				CLANG_WARN_UNGUARDED_AVAILABILITY = YES_AGGRESSIVE;
				CODE_SIGN_IDENTITY = "iPhone Developer";
				"CODE_SIGN_IDENTITY[sdk=macosx*]" = "Apple Development";
				CODE_SIGN_STYLE = Automatic;
				DEVELOPMENT_TEAM = D7A3475NHV;
				GCC_C_LANGUAGE_STANDARD = gnu11;
				GCC_PREPROCESSOR_DEFINITIONS = (
					"DEBUG=1",
					"$(inherited)",
				);
				GCC_WARN_64_TO_32_BIT_CONVERSION = YES;
				GCC_WARN_UNUSED_VARIABLE = YES;
				INFOPLIST_FILE = KitchenSinkUITests/Info.plist;
				IPHONEOS_DEPLOYMENT_TARGET = 13.0;
				LD_RUNPATH_SEARCH_PATHS = (
					"$(inherited)",
					"@executable_path/Frameworks",
					"@loader_path/Frameworks",
				);
				MTL_ENABLE_DEBUG_INFO = INCLUDE_SOURCE;
				MTL_FAST_MATH = YES;
				PRODUCT_BUNDLE_IDENTIFIER = com.webex.sdk.KitchenSinkUITests;
				PRODUCT_NAME = "$(TARGET_NAME)";
				SWIFT_ACTIVE_COMPILATION_CONDITIONS = DEBUG;
				SWIFT_OPTIMIZATION_LEVEL = "-Onone";
				SWIFT_VERSION = 5.0;
				TARGETED_DEVICE_FAMILY = "1,2";
				TEST_TARGET_NAME = KitchenSink;
			};
			name = Debug;
		};
		9D807AC224B3A2C000D56A92 /* Release */ = {
			isa = XCBuildConfiguration;
			baseConfigurationReference = BFC684BBFE9497C4EA1AEDEC /* Pods-KitchenSink-KitchenSinkUITests.release.xcconfig */;
			buildSettings = {
				CLANG_ANALYZER_NONNULL = YES;
				CLANG_ANALYZER_NUMBER_OBJECT_CONVERSION = YES_AGGRESSIVE;
				CLANG_CXX_LANGUAGE_STANDARD = "gnu++14";
				CLANG_ENABLE_OBJC_WEAK = YES;
				CLANG_WARN_COMMA = YES;
				CLANG_WARN_DOCUMENTATION_COMMENTS = YES;
				CLANG_WARN_NON_LITERAL_NULL_CONVERSION = YES;
				CLANG_WARN_OBJC_LITERAL_CONVERSION = YES;
				CLANG_WARN_STRICT_PROTOTYPES = YES;
				CLANG_WARN_SUSPICIOUS_MOVE = YES;
				CLANG_WARN_UNGUARDED_AVAILABILITY = YES_AGGRESSIVE;
				CODE_SIGN_IDENTITY = "iPhone Developer";
				"CODE_SIGN_IDENTITY[sdk=macosx*]" = "Apple Development";
				CODE_SIGN_STYLE = Automatic;
				DEBUG_INFORMATION_FORMAT = "dwarf-with-dsym";
				DEVELOPMENT_TEAM = D7A3475NHV;
				GCC_C_LANGUAGE_STANDARD = gnu11;
				GCC_WARN_64_TO_32_BIT_CONVERSION = YES;
				GCC_WARN_UNUSED_VARIABLE = YES;
				INFOPLIST_FILE = KitchenSinkUITests/Info.plist;
				IPHONEOS_DEPLOYMENT_TARGET = 13.0;
				LD_RUNPATH_SEARCH_PATHS = (
					"$(inherited)",
					"@executable_path/Frameworks",
					"@loader_path/Frameworks",
				);
				MTL_FAST_MATH = YES;
				PRODUCT_BUNDLE_IDENTIFIER = com.webex.sdk.KitchenSinkUITests;
				PRODUCT_NAME = "$(TARGET_NAME)";
				SWIFT_COMPILATION_MODE = wholemodule;
				SWIFT_OPTIMIZATION_LEVEL = "-O";
				SWIFT_VERSION = 5.0;
				TARGETED_DEVICE_FAMILY = "1,2";
				TEST_TARGET_NAME = KitchenSink;
				VALIDATE_PRODUCT = YES;
			};
			name = Release;
		};
		9DAA01D92450BBB1009C85F8 /* Debug */ = {
			isa = XCBuildConfiguration;
			buildSettings = {
				ALWAYS_SEARCH_USER_PATHS = NO;
				CLANG_ANALYZER_LOCALIZABILITY_NONLOCALIZED = YES;
				CLANG_CXX_LANGUAGE_STANDARD = "gnu++17";
				CLANG_CXX_LIBRARY = "libc++";
				CLANG_ENABLE_MODULES = YES;
				CLANG_ENABLE_OBJC_ARC = YES;
				CLANG_STATIC_ANALYZER_MODE = deep;
				CLANG_WARN_BLOCK_CAPTURE_AUTORELEASING = YES;
				CLANG_WARN_BOOL_CONVERSION = YES;
				CLANG_WARN_COMMA = NO;
				CLANG_WARN_CONSTANT_CONVERSION = YES;
				CLANG_WARN_DEPRECATED_OBJC_IMPLEMENTATIONS = YES;
				CLANG_WARN_DIRECT_OBJC_ISA_USAGE = YES_ERROR;
				CLANG_WARN_EMPTY_BODY = YES;
				CLANG_WARN_ENUM_CONVERSION = YES;
				CLANG_WARN_INFINITE_RECURSION = YES;
				CLANG_WARN_INT_CONVERSION = YES;
				CLANG_WARN_OBJC_IMPLICIT_RETAIN_SELF = YES;
				CLANG_WARN_OBJC_ROOT_CLASS = YES_ERROR;
				CLANG_WARN_RANGE_LOOP_ANALYSIS = YES;
				CLANG_WARN_STRICT_PROTOTYPES = NO;
				CLANG_WARN_SUSPICIOUS_IMPLICIT_CONVERSION = YES;
				CLANG_WARN_SUSPICIOUS_MOVE = NO;
				CLANG_WARN_UNREACHABLE_CODE = YES;
				CLANG_WARN__DUPLICATE_METHOD_MATCH = YES;
				CODE_SIGN_IDENTITY = "";
				COPY_PHASE_STRIP = NO;
				DEBUG_INFORMATION_FORMAT = dwarf;
				ENABLE_STRICT_OBJC_MSGSEND = YES;
				ENABLE_TESTABILITY = YES;
				GCC_C_LANGUAGE_STANDARD = gnu99;
				GCC_DYNAMIC_NO_PIC = NO;
				GCC_INLINES_ARE_PRIVATE_EXTERN = YES;
				GCC_NO_COMMON_BLOCKS = YES;
				GCC_OPTIMIZATION_LEVEL = 0;
				GCC_PREPROCESSOR_DEFINITIONS = (
					"_DEBUG=1",
					"$(inherited)",
					TEST_UTILS,
					"DEBUG=1",
					"_LIBCPP_ENABLE_CXX17_REMOVED_AUTO_PTR=1",
					"CATCH_CONFIG_NO_CPP17_UNCAUGHT_EXCEPTIONS=1",
					WXTEAMS,
					NO_DDP_LIB,
				);
				GCC_SYMBOLS_PRIVATE_EXTERN = NO;
				GCC_TREAT_WARNINGS_AS_ERRORS = NO;
				GCC_WARN_64_TO_32_BIT_CONVERSION = NO;
				GCC_WARN_ABOUT_DEPRECATED_FUNCTIONS = NO;
				GCC_WARN_ABOUT_MISSING_FIELD_INITIALIZERS = YES;
				GCC_WARN_ABOUT_RETURN_TYPE = YES_ERROR;
				GCC_WARN_HIDDEN_VIRTUAL_FUNCTIONS = YES;
				GCC_WARN_NON_VIRTUAL_DESTRUCTOR = NO;
				GCC_WARN_UNDECLARED_SELECTOR = YES;
				GCC_WARN_UNINITIALIZED_AUTOS = YES_AGGRESSIVE;
				GCC_WARN_UNUSED_FUNCTION = YES;
				GCC_WARN_UNUSED_VARIABLE = NO;
				HEADER_SEARCH_PATHS = "../../spark-client-framework/";
				MACOSX_DEPLOYMENT_TARGET = 10.12;
				MTL_ENABLE_DEBUG_INFO = YES;
				ONLY_ACTIVE_ARCH = YES;
				"OTHER_CPLUSPLUSFLAGS[arch=*]" = (
					"-Wimplicit",
					"-Wthread-safety",
					"-Wswitch",
					"-Wdivision-by-zero",
					"-Wconversion-null",
					"-Wbool-conversions",
				);
				OTHER_LDFLAGS = "";
				RUN_CLANG_STATIC_ANALYZER = NO;
				SDKROOT = iphoneos;
				SWIFT_INCLUDE_PATHS = "../../spark-client-framework/Services/CommonStrings";
				"SWIFT_INCLUDE_PATHS[arch=*]" = "";
				SWIFT_OBJC_INTERFACE_HEADER_NAME = "WebexSDK-Swift.h";
				SWIFT_REFLECTION_METADATA_LEVEL = none;
				SWIFT_SWIFT3_OBJC_INFERENCE = Default;
				SWIFT_TREAT_WARNINGS_AS_ERRORS = NO;
				SWIFT_VERSION = 4.2;
				USER_HEADER_SEARCH_PATHS = "";
				USE_HEADERMAP = YES;
			};
			name = Debug;
		};
		9DAA01DA2450BBB1009C85F8 /* Release */ = {
			isa = XCBuildConfiguration;
			buildSettings = {
				ALWAYS_SEARCH_USER_PATHS = NO;
				CLANG_ANALYZER_LOCALIZABILITY_NONLOCALIZED = YES;
				CLANG_CXX_LANGUAGE_STANDARD = "gnu++17";
				CLANG_CXX_LIBRARY = "libc++";
				CLANG_ENABLE_MODULES = YES;
				CLANG_ENABLE_OBJC_ARC = YES;
				CLANG_STATIC_ANALYZER_MODE = deep;
				CLANG_WARN_BLOCK_CAPTURE_AUTORELEASING = YES;
				CLANG_WARN_BOOL_CONVERSION = YES;
				CLANG_WARN_COMMA = NO;
				CLANG_WARN_CONSTANT_CONVERSION = YES;
				CLANG_WARN_DEPRECATED_OBJC_IMPLEMENTATIONS = YES;
				CLANG_WARN_DIRECT_OBJC_ISA_USAGE = YES_ERROR;
				CLANG_WARN_EMPTY_BODY = YES;
				CLANG_WARN_ENUM_CONVERSION = YES;
				CLANG_WARN_INFINITE_RECURSION = YES;
				CLANG_WARN_INT_CONVERSION = YES;
				CLANG_WARN_OBJC_IMPLICIT_RETAIN_SELF = YES;
				CLANG_WARN_OBJC_ROOT_CLASS = YES_ERROR;
				CLANG_WARN_RANGE_LOOP_ANALYSIS = YES;
				CLANG_WARN_STRICT_PROTOTYPES = NO;
				CLANG_WARN_SUSPICIOUS_IMPLICIT_CONVERSION = YES;
				CLANG_WARN_SUSPICIOUS_MOVE = NO;
				CLANG_WARN_UNREACHABLE_CODE = YES;
				CLANG_WARN__DUPLICATE_METHOD_MATCH = YES;
				CODE_SIGN_IDENTITY = "";
				COPY_PHASE_STRIP = NO;
				DEBUG_INFORMATION_FORMAT = dwarf;
				ENABLE_NS_ASSERTIONS = NO;
				ENABLE_STRICT_OBJC_MSGSEND = YES;
				GCC_C_LANGUAGE_STANDARD = gnu99;
				GCC_INLINES_ARE_PRIVATE_EXTERN = YES;
				GCC_NO_COMMON_BLOCKS = YES;
				GCC_PREPROCESSOR_DEFINITIONS = (
					TEST_UTILS,
					"NDEBUG=1",
					"_LIBCPP_ENABLE_CXX17_REMOVED_AUTO_PTR=1",
					"CATCH_CONFIG_NO_CPP17_UNCAUGHT_EXCEPTIONS=1",
					WXTEAMS,
					NO_DDP_LIB,
				);
				GCC_SYMBOLS_PRIVATE_EXTERN = YES;
				GCC_TREAT_WARNINGS_AS_ERRORS = NO;
				GCC_WARN_64_TO_32_BIT_CONVERSION = NO;
				GCC_WARN_ABOUT_DEPRECATED_FUNCTIONS = NO;
				GCC_WARN_ABOUT_MISSING_FIELD_INITIALIZERS = YES;
				GCC_WARN_ABOUT_RETURN_TYPE = YES_ERROR;
				GCC_WARN_HIDDEN_VIRTUAL_FUNCTIONS = YES;
				GCC_WARN_NON_VIRTUAL_DESTRUCTOR = NO;
				GCC_WARN_UNDECLARED_SELECTOR = YES;
				GCC_WARN_UNINITIALIZED_AUTOS = YES_AGGRESSIVE;
				GCC_WARN_UNUSED_FUNCTION = YES;
				GCC_WARN_UNUSED_VARIABLE = NO;
				HEADER_SEARCH_PATHS = "../../spark-client-framework/";
				MACOSX_DEPLOYMENT_TARGET = 10.12;
				MTL_ENABLE_DEBUG_INFO = NO;
				"OTHER_CPLUSPLUSFLAGS[arch=*]" = (
					"-Wimplicit",
					"-Wthread-safety",
					"-Wswitch",
					"-Wdivision-by-zero",
					"-Wconversion-null",
					"-Wbool-conversions",
				);
				OTHER_LDFLAGS = "";
				RUN_CLANG_STATIC_ANALYZER = NO;
				SDKROOT = iphoneos;
				SWIFT_OBJC_INTERFACE_HEADER_NAME = "WebexSDK-Swift.h";
				SWIFT_OPTIMIZATION_LEVEL = "-Owholemodule";
				SWIFT_REFLECTION_METADATA_LEVEL = none;
				SWIFT_SWIFT3_OBJC_INFERENCE = Default;
				SWIFT_TREAT_WARNINGS_AS_ERRORS = NO;
				SWIFT_VERSION = 4.2;
				USER_HEADER_SEARCH_PATHS = "";
				USE_HEADERMAP = YES;
			};
			name = Release;
		};
		9DD11CDC2567CAC600B2C2CA /* Debug */ = {
			isa = XCBuildConfiguration;
			baseConfigurationReference = 96803DB265124462205F3E6B /* Pods-KitchenSinkBroadcastExtension.debug.xcconfig */;
			buildSettings = {
				CLANG_ANALYZER_NONNULL = YES;
				CLANG_ANALYZER_NUMBER_OBJECT_CONVERSION = YES_AGGRESSIVE;
				CLANG_CXX_LANGUAGE_STANDARD = "gnu++14";
				CLANG_ENABLE_OBJC_WEAK = YES;
				CLANG_WARN_COMMA = YES;
				CLANG_WARN_DOCUMENTATION_COMMENTS = YES;
				CLANG_WARN_NON_LITERAL_NULL_CONVERSION = YES;
				CLANG_WARN_OBJC_LITERAL_CONVERSION = YES;
				CLANG_WARN_QUOTED_INCLUDE_IN_FRAMEWORK_HEADER = YES;
				CLANG_WARN_STRICT_PROTOTYPES = YES;
				CLANG_WARN_SUSPICIOUS_MOVE = YES;
				CLANG_WARN_UNGUARDED_AVAILABILITY = YES_AGGRESSIVE;
				CODE_SIGN_ENTITLEMENTS = KitchenSinkBroadcastExtension/KitchenSinkBroadcastExtension.entitlements;
				CODE_SIGN_IDENTITY = "Apple Development";
				CODE_SIGN_STYLE = Automatic;
				CURRENT_PROJECT_VERSION = 3910;
				DEVELOPMENT_TEAM = 9X38D433RE;
				ENABLE_BITCODE = NO;
				FRAMEWORK_SEARCH_PATHS = (
					"$(inherited)",
					"$(PROJECT_DIR)/Frameworks",
				);
				GCC_C_LANGUAGE_STANDARD = gnu11;
				GCC_PREPROCESSOR_DEFINITIONS = (
					"DEBUG=1",
					"$(inherited)",
				);
				GCC_WARN_64_TO_32_BIT_CONVERSION = YES;
				GCC_WARN_UNUSED_VARIABLE = YES;
				INFOPLIST_FILE = KitchenSinkBroadcastExtension/Info.plist;
				IPHONEOS_DEPLOYMENT_TARGET = 11.0;
				LD_RUNPATH_SEARCH_PATHS = (
					"$(inherited)",
					"@executable_path/Frameworks",
					"@executable_path/../../Frameworks",
				);
				MARKETING_VERSION = 3.9.1;
				MTL_ENABLE_DEBUG_INFO = INCLUDE_SOURCE;
				MTL_FAST_MATH = YES;
				PRODUCT_BUNDLE_IDENTIFIER = com.webex.sdk.KitchenSinkv3.0.KitchenSinkBroadcastExtension;
				PRODUCT_NAME = "$(TARGET_NAME)";
				PROVISIONING_PROFILE_SPECIFIER = "";
				SKIP_INSTALL = YES;
				SWIFT_ACTIVE_COMPILATION_CONDITIONS = DEBUG;
				SWIFT_OBJC_BRIDGING_HEADER = "";
				SWIFT_OPTIMIZATION_LEVEL = "-Onone";
				SWIFT_VERSION = 5.0;
				TARGETED_DEVICE_FAMILY = "1,2";
			};
			name = Debug;
		};
		9DD11CDD2567CAC600B2C2CA /* Release */ = {
			isa = XCBuildConfiguration;
			baseConfigurationReference = AF69537487765CF124BE512E /* Pods-KitchenSinkBroadcastExtension.release.xcconfig */;
			buildSettings = {
				CLANG_ANALYZER_NONNULL = YES;
				CLANG_ANALYZER_NUMBER_OBJECT_CONVERSION = YES_AGGRESSIVE;
				CLANG_CXX_LANGUAGE_STANDARD = "gnu++14";
				CLANG_ENABLE_OBJC_WEAK = YES;
				CLANG_WARN_COMMA = YES;
				CLANG_WARN_DOCUMENTATION_COMMENTS = YES;
				CLANG_WARN_NON_LITERAL_NULL_CONVERSION = YES;
				CLANG_WARN_OBJC_LITERAL_CONVERSION = YES;
				CLANG_WARN_QUOTED_INCLUDE_IN_FRAMEWORK_HEADER = YES;
				CLANG_WARN_STRICT_PROTOTYPES = YES;
				CLANG_WARN_SUSPICIOUS_MOVE = YES;
				CLANG_WARN_UNGUARDED_AVAILABILITY = YES_AGGRESSIVE;
				CODE_SIGN_ENTITLEMENTS = KitchenSinkBroadcastExtension/KitchenSinkBroadcastExtension.entitlements;
				CODE_SIGN_IDENTITY = "Apple Development";
				CODE_SIGN_STYLE = Automatic;
				CURRENT_PROJECT_VERSION = 3910;
				DEBUG_INFORMATION_FORMAT = "dwarf-with-dsym";
				DEVELOPMENT_TEAM = 9X38D433RE;
				ENABLE_BITCODE = NO;
				FRAMEWORK_SEARCH_PATHS = (
					"$(inherited)",
					"$(PROJECT_DIR)/Frameworks",
				);
				GCC_C_LANGUAGE_STANDARD = gnu11;
				GCC_WARN_64_TO_32_BIT_CONVERSION = YES;
				GCC_WARN_UNUSED_VARIABLE = YES;
				INFOPLIST_FILE = KitchenSinkBroadcastExtension/Info.plist;
				IPHONEOS_DEPLOYMENT_TARGET = 11.0;
				LD_RUNPATH_SEARCH_PATHS = (
					"$(inherited)",
					"@executable_path/Frameworks",
					"@executable_path/../../Frameworks",
				);
				MARKETING_VERSION = 3.9.1;
				MTL_FAST_MATH = YES;
				PRODUCT_BUNDLE_IDENTIFIER = com.webex.sdk.KitchenSinkv3.0.KitchenSinkBroadcastExtension;
				PRODUCT_NAME = "$(TARGET_NAME)";
				PROVISIONING_PROFILE_SPECIFIER = "";
				SKIP_INSTALL = YES;
				SWIFT_COMPILATION_MODE = wholemodule;
				SWIFT_OBJC_BRIDGING_HEADER = "";
				SWIFT_OPTIMIZATION_LEVEL = "-O";
				SWIFT_VERSION = 5.0;
				TARGETED_DEVICE_FAMILY = "1,2";
				VALIDATE_PRODUCT = YES;
			};
			name = Release;
		};
		9DDC82A124AA35E800F06E31 /* Debug */ = {
			isa = XCBuildConfiguration;
			baseConfigurationReference = 062D25203F0E1DCC270522C9 /* Pods-KitchenSink.debug.xcconfig */;
			buildSettings = {
				ALWAYS_EMBED_SWIFT_STANDARD_LIBRARIES = YES;
				ASSETCATALOG_COMPILER_APPICON_NAME = AppIcon;
				CLANG_ANALYZER_NONNULL = YES;
				CLANG_ANALYZER_NUMBER_OBJECT_CONVERSION = YES_AGGRESSIVE;
				CLANG_CXX_LANGUAGE_STANDARD = "gnu++14";
				CLANG_ENABLE_MODULES = YES;
				CLANG_ENABLE_OBJC_WEAK = YES;
				CLANG_WARN_COMMA = YES;
				CLANG_WARN_DOCUMENTATION_COMMENTS = YES;
				CLANG_WARN_NON_LITERAL_NULL_CONVERSION = YES;
				CLANG_WARN_OBJC_LITERAL_CONVERSION = YES;
				CLANG_WARN_STRICT_PROTOTYPES = YES;
				CLANG_WARN_SUSPICIOUS_MOVE = YES;
				CLANG_WARN_UNGUARDED_AVAILABILITY = YES_AGGRESSIVE;
				CODE_SIGN_ENTITLEMENTS = KitchenSink/KitchenSink.entitlements;
				CODE_SIGN_IDENTITY = "Apple Development";
				CODE_SIGN_STYLE = Automatic;
				CURRENT_PROJECT_VERSION = 3910;
				DEVELOPMENT_TEAM = 9X38D433RE;
				ENABLE_BITCODE = NO;
				FRAMEWORK_SEARCH_PATHS = (
					"$(inherited)",
					"$(PROJECT_DIR)",
					"$(PROJECT_DIR)/Frameworks",
				);
				GCC_C_LANGUAGE_STANDARD = gnu11;
				GCC_PREPROCESSOR_DEFINITIONS = (
					"DEBUG=1",
					"$(inherited)",
				);
				GCC_WARN_64_TO_32_BIT_CONVERSION = YES;
				GCC_WARN_UNUSED_VARIABLE = YES;
				INFOPLIST_FILE = KitchenSink/Info.plist;
				IPHONEOS_DEPLOYMENT_TARGET = 11.0;
				LD_RUNPATH_SEARCH_PATHS = (
					"$(inherited)",
					"@executable_path/Frameworks",
					executable_path/Frameworks,
				);
				MARKETING_VERSION = 3.9.1;
				MTL_ENABLE_DEBUG_INFO = INCLUDE_SOURCE;
				MTL_FAST_MATH = YES;
				PRODUCT_BUNDLE_IDENTIFIER = com.webex.sdk.KitchenSinkv3.0;
				PRODUCT_NAME = "$(TARGET_NAME)";
				PROVISIONING_PROFILE_SPECIFIER = "";
				SWIFT_ACTIVE_COMPILATION_CONDITIONS = DEBUG;
				SWIFT_OBJC_BRIDGING_HEADER = "";
				SWIFT_OPTIMIZATION_LEVEL = "-Onone";
				SWIFT_VERSION = 5.0;
				TARGETED_DEVICE_FAMILY = "1,2";
				VALIDATE_WORKSPACE = YES;
			};
			name = Debug;
		};
		9DDC82A224AA35E800F06E31 /* Release */ = {
			isa = XCBuildConfiguration;
			baseConfigurationReference = 7017F749060B091B19D0C73B /* Pods-KitchenSink.release.xcconfig */;
			buildSettings = {
				ALWAYS_EMBED_SWIFT_STANDARD_LIBRARIES = YES;
				ASSETCATALOG_COMPILER_APPICON_NAME = AppIcon;
				CLANG_ANALYZER_NONNULL = YES;
				CLANG_ANALYZER_NUMBER_OBJECT_CONVERSION = YES_AGGRESSIVE;
				CLANG_CXX_LANGUAGE_STANDARD = "gnu++14";
				CLANG_ENABLE_MODULES = YES;
				CLANG_ENABLE_OBJC_WEAK = YES;
				CLANG_WARN_COMMA = YES;
				CLANG_WARN_DOCUMENTATION_COMMENTS = YES;
				CLANG_WARN_NON_LITERAL_NULL_CONVERSION = YES;
				CLANG_WARN_OBJC_LITERAL_CONVERSION = YES;
				CLANG_WARN_STRICT_PROTOTYPES = YES;
				CLANG_WARN_SUSPICIOUS_MOVE = YES;
				CLANG_WARN_UNGUARDED_AVAILABILITY = YES_AGGRESSIVE;
				CODE_SIGN_ENTITLEMENTS = KitchenSink/KitchenSink.entitlements;
				CODE_SIGN_IDENTITY = "Apple Development";
				CODE_SIGN_STYLE = Automatic;
				CURRENT_PROJECT_VERSION = 3910;
				DEBUG_INFORMATION_FORMAT = "dwarf-with-dsym";
				DEVELOPMENT_TEAM = 9X38D433RE;
				ENABLE_BITCODE = NO;
				FRAMEWORK_SEARCH_PATHS = (
					"$(inherited)",
					"$(PROJECT_DIR)",
					"$(PROJECT_DIR)/Frameworks",
				);
				GCC_C_LANGUAGE_STANDARD = gnu11;
				GCC_WARN_64_TO_32_BIT_CONVERSION = YES;
				GCC_WARN_UNUSED_VARIABLE = YES;
				INFOPLIST_FILE = KitchenSink/Info.plist;
				IPHONEOS_DEPLOYMENT_TARGET = 11.0;
				LD_RUNPATH_SEARCH_PATHS = (
					"$(inherited)",
					"@executable_path/Frameworks",
					executable_path/Frameworks,
				);
				MARKETING_VERSION = 3.9.1;
				MTL_FAST_MATH = YES;
				PRODUCT_BUNDLE_IDENTIFIER = com.webex.sdk.KitchenSinkv3.0;
				PRODUCT_NAME = "$(TARGET_NAME)";
				PROVISIONING_PROFILE_SPECIFIER = "";
				SWIFT_COMPILATION_MODE = wholemodule;
				SWIFT_OBJC_BRIDGING_HEADER = "";
				SWIFT_OPTIMIZATION_LEVEL = "-O";
				SWIFT_VERSION = 5.0;
				TARGETED_DEVICE_FAMILY = "1,2";
				VALIDATE_PRODUCT = YES;
				VALIDATE_WORKSPACE = YES;
			};
			name = Release;
		};
/* End XCBuildConfiguration section */

/* Begin XCConfigurationList section */
		9D807ACF24B3A2C000D56A92 /* Build configuration list for PBXNativeTarget "KitchenSinkUITests" */ = {
			isa = XCConfigurationList;
			buildConfigurations = (
				9D807AC124B3A2C000D56A92 /* Debug */,
				9D807AC224B3A2C000D56A92 /* Release */,
			);
			defaultConfigurationIsVisible = 0;
			defaultConfigurationName = Release;
		};
		9DAA01CD2450BBB1009C85F8 /* Build configuration list for PBXProject "KitchenSink" */ = {
			isa = XCConfigurationList;
			buildConfigurations = (
				9DAA01D92450BBB1009C85F8 /* Debug */,
				9DAA01DA2450BBB1009C85F8 /* Release */,
			);
			defaultConfigurationIsVisible = 0;
			defaultConfigurationName = Release;
		};
		9DD11CDB2567CAC600B2C2CA /* Build configuration list for PBXNativeTarget "KitchenSinkBroadcastExtension" */ = {
			isa = XCConfigurationList;
			buildConfigurations = (
				9DD11CDC2567CAC600B2C2CA /* Debug */,
				9DD11CDD2567CAC600B2C2CA /* Release */,
			);
			defaultConfigurationIsVisible = 0;
			defaultConfigurationName = Release;
		};
		9DDC82AF24AA35E800F06E31 /* Build configuration list for PBXNativeTarget "KitchenSink" */ = {
			isa = XCConfigurationList;
			buildConfigurations = (
				9DDC82A124AA35E800F06E31 /* Debug */,
				9DDC82A224AA35E800F06E31 /* Release */,
			);
			defaultConfigurationIsVisible = 0;
			defaultConfigurationName = Release;
		};
/* End XCConfigurationList section */
	};
	rootObject = 9DAA01CA2450BBB1009C85F8 /* Project object */;
}
